
Microsoft Visual Studio Solution File, Format Version 12.00
# Visual Studio 15
VisualStudioVersion = 15.0.26430.14
MinimumVisualStudioVersion = 10.0.40219.1
Project("{2150E333-8FDC-42A3-9474-1A3956D46DE8}") = "src", "src", "{CD0C7813-CB2A-48ED-A6F5-16193899D345}"
EndProject
Project("{2150E333-8FDC-42A3-9474-1A3956D46DE8}") = "tests", "tests", "{409BA1CF-FDBD-4939-BF30-DB097B329776}"
EndProject
Project("{2150E333-8FDC-42A3-9474-1A3956D46DE8}") = "Common", "Common", "{3DF5BDDC-B02C-4652-8C0B-EEB5FE8A1770}"
EndProject
Project("{2150E333-8FDC-42A3-9474-1A3956D46DE8}") = "Creational Patterns", "Creational Patterns", "{0AB9E254-9BF6-4A50-B994-C6608FEE535A}"
EndProject
Project("{2150E333-8FDC-42A3-9474-1A3956D46DE8}") = "c-sharp", "c-sharp", "{E64C1493-B765-4DB7-B2CC-11D944EA3A12}"
EndProject
Project("{9A19103F-16F7-4668-BE54-9A1E7A4F7556}") = "DesignPatterns.Common.Creational.Maze", "src\Common\Creational\c-sharp\Maze\DesignPatterns.Common.Creational.Maze.csproj", "{10C3478B-B475-479B-8CF7-31BD7977ABA5}"
EndProject
Project("{FAE04EC0-301F-11D3-BF4B-00C04F79EFBC}") = "DesignPatterns.Tests", "tests\c-sharp\DesignPatterns.Tests\DesignPatterns.Tests.csproj", "{33433916-536F-4917-8C55-98684DD270D4}"
EndProject
Project("{9A19103F-16F7-4668-BE54-9A1E7A4F7556}") = "DesignPatterns", "src\c-sharp\DesignPatterns\DesignPatterns.csproj", "{7EDF68EC-3723-4394-8B9A-7C77E8053F2A}"
EndProject
Global
	GlobalSection(SolutionConfigurationPlatforms) = preSolution
		Debug|Any CPU = Debug|Any CPU
		Release|Any CPU = Release|Any CPU
	EndGlobalSection
	GlobalSection(ProjectConfigurationPlatforms) = postSolution
		{10C3478B-B475-479B-8CF7-31BD7977ABA5}.Debug|Any CPU.ActiveCfg = Debug|Any CPU
		{10C3478B-B475-479B-8CF7-31BD7977ABA5}.Debug|Any CPU.Build.0 = Debug|Any CPU
		{10C3478B-B475-479B-8CF7-31BD7977ABA5}.Release|Any CPU.ActiveCfg = Release|Any CPU
		{10C3478B-B475-479B-8CF7-31BD7977ABA5}.Release|Any CPU.Build.0 = Release|Any CPU
		{33433916-536F-4917-8C55-98684DD270D4}.Debug|Any CPU.ActiveCfg = Debug|Any CPU
		{33433916-536F-4917-8C55-98684DD270D4}.Debug|Any CPU.Build.0 = Debug|Any CPU
		{33433916-536F-4917-8C55-98684DD270D4}.Release|Any CPU.ActiveCfg = Release|Any CPU
		{33433916-536F-4917-8C55-98684DD270D4}.Release|Any CPU.Build.0 = Release|Any CPU
		{7EDF68EC-3723-4394-8B9A-7C77E8053F2A}.Debug|Any CPU.ActiveCfg = Debug|Any CPU
		{7EDF68EC-3723-4394-8B9A-7C77E8053F2A}.Debug|Any CPU.Build.0 = Debug|Any CPU
		{7EDF68EC-3723-4394-8B9A-7C77E8053F2A}.Release|Any CPU.ActiveCfg = Release|Any CPU
		{7EDF68EC-3723-4394-8B9A-7C77E8053F2A}.Release|Any CPU.Build.0 = Release|Any CPU
	EndGlobalSection
	GlobalSection(SolutionProperties) = preSolution
		HideSolutionNode = FALSE
	EndGlobalSection
	GlobalSection(NestedProjects) = preSolution
		{3DF5BDDC-B02C-4652-8C0B-EEB5FE8A1770} = {CD0C7813-CB2A-48ED-A6F5-16193899D345}
		{0AB9E254-9BF6-4A50-B994-C6608FEE535A} = {3DF5BDDC-B02C-4652-8C0B-EEB5FE8A1770}
		{E64C1493-B765-4DB7-B2CC-11D944EA3A12} = {0AB9E254-9BF6-4A50-B994-C6608FEE535A}
		{10C3478B-B475-479B-8CF7-31BD7977ABA5} = {E64C1493-B765-4DB7-B2CC-11D944EA3A12}
		{33433916-536F-4917-8C55-98684DD270D4} = {409BA1CF-FDBD-4939-BF30-DB097B329776}
		{7EDF68EC-3723-4394-8B9A-7C77E8053F2A} = {CD0C7813-CB2A-48ED-A6F5-16193899D345}
	EndGlobalSection
EndGlobal
