
Microsoft Visual Studio Solution File, Format Version 12.00
# Visual Studio 15
VisualStudioVersion = 15.0.26430.6
MinimumVisualStudioVersion = 10.0.40219.1
Project("{2150E333-8FDC-42A3-9474-1A3956D46DE8}") = "src", "src", "{CD0C7813-CB2A-48ED-A6F5-16193899D345}"
EndProject
Project("{2150E333-8FDC-42A3-9474-1A3956D46DE8}") = "tests", "tests", "{409BA1CF-FDBD-4939-BF30-DB097B329776}"
EndProject
Project("{2150E333-8FDC-42A3-9474-1A3956D46DE8}") = "General Patterns", "General Patterns", "{E8F55B04-7238-4C49-BC3D-B2A36E713100}"
EndProject
Project("{2150E333-8FDC-42A3-9474-1A3956D46DE8}") = "Creational Patterns", "Creational Patterns", "{1B66EE33-3F6B-4611-95C1-BCFC7345B9AC}"
EndProject
Project("{2150E333-8FDC-42A3-9474-1A3956D46DE8}") = "c-sharp", "c-sharp", "{0E42D1CA-BB16-4788-863C-A85B0027040D}"
EndProject
Project("{2150E333-8FDC-42A3-9474-1A3956D46DE8}") = "Behavioral Patterns", "Behavioral Patterns", "{F85D4877-D23C-49E9-9836-80ED9D3F0556}"
EndProject
Project("{2150E333-8FDC-42A3-9474-1A3956D46DE8}") = "Structural Patterns", "Structural Patterns", "{ECBCFBE4-D182-4E15-8C8B-C1845794DA1F}"
EndProject
Project("{2150E333-8FDC-42A3-9474-1A3956D46DE8}") = "c-sharp", "c-sharp", "{C15BF457-9D0D-47C4-8A61-A652D9D68064}"
EndProject
Project("{2150E333-8FDC-42A3-9474-1A3956D46DE8}") = "c-sharp", "c-sharp", "{919207B8-6057-448A-B36E-08551A3335D3}"
EndProject
Project("{2150E333-8FDC-42A3-9474-1A3956D46DE8}") = "Enterprice Patterns", "Enterprice Patterns", "{8B614BE0-C994-4C4B-9CE5-C6070B044AE2}"
EndProject
Project("{2150E333-8FDC-42A3-9474-1A3956D46DE8}") = "Domain Logic Patterns", "Domain Logic Patterns", "{F88A0E09-508D-4908-BD4E-A755F31BB0D6}"
EndProject
Project("{2150E333-8FDC-42A3-9474-1A3956D46DE8}") = "c-sharp", "c-sharp", "{D445CD22-86AF-4564-816D-4B238FFC94C9}"
EndProject
Project("{2150E333-8FDC-42A3-9474-1A3956D46DE8}") = "Data Source Architectural Patterns", "Data Source Architectural Patterns", "{10184F7C-29BB-48E0-AB20-59FB680CD24B}"
EndProject
Project("{2150E333-8FDC-42A3-9474-1A3956D46DE8}") = "c-sharp", "c-sharp", "{6ACBA3E6-26AC-47FB-B938-315B69C912BB}"
EndProject
Project("{2150E333-8FDC-42A3-9474-1A3956D46DE8}") = "Object-Relational Behavioral Patterns", "Object-Relational Behavioral Patterns", "{6DB06609-8622-4C94-B10D-617765DCBCEB}"
EndProject
Project("{2150E333-8FDC-42A3-9474-1A3956D46DE8}") = "c-sharp", "c-sharp", "{555F7B1C-4A08-4364-8C0C-048867D447FD}"
EndProject
Project("{2150E333-8FDC-42A3-9474-1A3956D46DE8}") = "Object-Relational Structural Patterns", "Object-Relational Structural Patterns", "{5C4EB34D-0563-4B57-8F95-3F0DF06855A6}"
EndProject
Project("{2150E333-8FDC-42A3-9474-1A3956D46DE8}") = "c-sharp", "c-sharp", "{8FAB84F7-3289-4D6A-8A28-F3B7FA59C1D5}"
EndProject
Project("{2150E333-8FDC-42A3-9474-1A3956D46DE8}") = "Object-Relational Metadata Mapping Patterns", "Object-Relational Metadata Mapping Patterns", "{E1E4D5A1-1645-45AC-AA75-C6012DCE17B6}"
EndProject
Project("{2150E333-8FDC-42A3-9474-1A3956D46DE8}") = "c-sharp", "c-sharp", "{34FD41AE-6CCE-4949-AACB-AD23C2617705}"
EndProject
Project("{2150E333-8FDC-42A3-9474-1A3956D46DE8}") = "Web Presentation Patterns", "Web Presentation Patterns", "{41A28A89-7499-41B3-BC4A-C6EB5528AC02}"
EndProject
Project("{2150E333-8FDC-42A3-9474-1A3956D46DE8}") = "c-sharp", "c-sharp", "{F1D52D01-6FFC-4135-AC95-11C275E08A93}"
EndProject
Project("{2150E333-8FDC-42A3-9474-1A3956D46DE8}") = "Distribution Patterns", "Distribution Patterns", "{4154258B-71D3-4B32-A5DC-E745CE190B13}"
EndProject
Project("{2150E333-8FDC-42A3-9474-1A3956D46DE8}") = "c-sharp", "c-sharp", "{7F2549A9-4551-43A5-BAE5-EE4F59013155}"
EndProject
Project("{2150E333-8FDC-42A3-9474-1A3956D46DE8}") = "Offline Concurrency Patterns", "Offline Concurrency Patterns", "{100204D7-E297-4EA3-83AF-A32E7A96A12A}"
EndProject
Project("{2150E333-8FDC-42A3-9474-1A3956D46DE8}") = "c-sharp", "c-sharp", "{CADF3F5A-556F-4FFA-BBE4-02F31182E17E}"
EndProject
Project("{2150E333-8FDC-42A3-9474-1A3956D46DE8}") = "Session State Patterns", "Session State Patterns", "{CCAA8CA6-5CB7-42D2-9F99-7DB1274B64D6}"
EndProject
Project("{2150E333-8FDC-42A3-9474-1A3956D46DE8}") = "c-sharp", "c-sharp", "{C1BB7A4C-B536-4F44-9C25-B571C3CC6D42}"
EndProject
Project("{2150E333-8FDC-42A3-9474-1A3956D46DE8}") = "Base Patterns", "Base Patterns", "{CB0C3F23-75C0-45BF-9517-731D9B67926B}"
EndProject
Project("{2150E333-8FDC-42A3-9474-1A3956D46DE8}") = "c-sharp", "c-sharp", "{BDD0E76B-5FA6-4707-8692-F7519CD8FFCC}"
EndProject
Project("{9A19103F-16F7-4668-BE54-9A1E7A4F7556}") = "DesignPatterns.Creational.Builder", "src\General Patterns\Creational Patterns\c-sharp\DesignPatterns.Creational.Builder\DesignPatterns.Creational.Builder.csproj", "{B84DCBF1-1535-4824-87EF-8EB72D40E5FC}"
EndProject
Project("{9A19103F-16F7-4668-BE54-9A1E7A4F7556}") = "DesignPatterns.Creational.AbstractFactory", "src\General Patterns\Creational Patterns\c-sharp\DesignPatterns.Creational.AbstractFactory\DesignPatterns.Creational.AbstractFactory.csproj", "{677AB8F9-7F64-4753-B9FC-444862EA2AE6}"
EndProject
Project("{9A19103F-16F7-4668-BE54-9A1E7A4F7556}") = "DesignPatterns.Creational.FactoryMethod", "src\General Patterns\Creational Patterns\c-sharp\DesignPatterns.Creational.FactoryMethod\DesignPatterns.Creational.FactoryMethod.csproj", "{BF21BE46-EED7-49E6-98CF-B9A896F98F3C}"
EndProject
Project("{9A19103F-16F7-4668-BE54-9A1E7A4F7556}") = "DesignPatterns.Creational.Prototype", "src\General Patterns\Creational Patterns\c-sharp\DesignPatterns.Creational.Prototype\DesignPatterns.Creational.Prototype.csproj", "{78BEEC66-EC91-4C6F-B0C6-343DE91EAC2F}"
EndProject
Project("{9A19103F-16F7-4668-BE54-9A1E7A4F7556}") = "DesignPatterns.Creational.Singleton", "src\General Patterns\Creational Patterns\c-sharp\DesignPatterns.Creational.Singleton\DesignPatterns.Creational.Singleton.csproj", "{1326F336-D7EB-4170-8674-F92965834522}"
EndProject
Project("{9A19103F-16F7-4668-BE54-9A1E7A4F7556}") = "DesignPatterns.Behavioral.ChainOfResponsibility", "src\General Patterns\Behavioral Patterns\c-sharp\DesignPatterns.Behavioral.ChainOfResponsibility\DesignPatterns.Behavioral.ChainOfResponsibility.csproj", "{FFB4D6B9-442A-4835-B6AD-011BC05B7C18}"
EndProject
Project("{9A19103F-16F7-4668-BE54-9A1E7A4F7556}") = "DesignPatterns.Behavioral.Command", "src\General Patterns\Behavioral Patterns\c-sharp\DesignPatterns.Behavioral.Command\DesignPatterns.Behavioral.Command.csproj", "{5889A162-235A-4C93-A21E-340CFFA7318B}"
EndProject
Project("{9A19103F-16F7-4668-BE54-9A1E7A4F7556}") = "DesignPatterns.Behavioral.Interpreter", "src\General Patterns\Behavioral Patterns\c-sharp\DesignPatterns.Behavioral.Interpreter\DesignPatterns.Behavioral.Interpreter.csproj", "{8764CA1F-7E05-450A-9382-AF6E8D7CB2FC}"
EndProject
Project("{9A19103F-16F7-4668-BE54-9A1E7A4F7556}") = "DesignPatterns.Behavioral.Iterator", "src\General Patterns\Behavioral Patterns\c-sharp\DesignPatterns.Behavioral.Iterator\DesignPatterns.Behavioral.Iterator.csproj", "{853FB753-E86C-4D13-B5D0-92094E50BB7B}"
EndProject
Project("{9A19103F-16F7-4668-BE54-9A1E7A4F7556}") = "DesignPatterns.Behavioral.Mediator", "src\General Patterns\Behavioral Patterns\c-sharp\DesignPatterns.Behavioral.Mediator\DesignPatterns.Behavioral.Mediator.csproj", "{4C744191-DB77-4D17-BECC-DC2F24593EAD}"
EndProject
Project("{9A19103F-16F7-4668-BE54-9A1E7A4F7556}") = "DesignPatterns.Behavioral.Memento", "src\General Patterns\Behavioral Patterns\c-sharp\DesignPatterns.Behavioral.Memento\DesignPatterns.Behavioral.Memento.csproj", "{652E5CF8-8904-472B-8340-5F28BB62EA87}"
EndProject
Project("{9A19103F-16F7-4668-BE54-9A1E7A4F7556}") = "DesignPatterns.Behavioral.Observer", "src\General Patterns\Behavioral Patterns\c-sharp\DesignPatterns.Behavioral.Observer\DesignPatterns.Behavioral.Observer.csproj", "{CB91EF80-FE03-44B2-B39B-DDB7A27936EA}"
EndProject
Project("{9A19103F-16F7-4668-BE54-9A1E7A4F7556}") = "DesignPatterns.Behavioral.State", "src\General Patterns\Behavioral Patterns\c-sharp\DesignPatterns.Behavioral.State\DesignPatterns.Behavioral.State.csproj", "{85FE272D-3F34-4558-A86D-4A4750ED2A0E}"
EndProject
Project("{9A19103F-16F7-4668-BE54-9A1E7A4F7556}") = "DesignPatterns.Behavioral.Strategy", "src\General Patterns\Behavioral Patterns\c-sharp\DesignPatterns.Behavioral.Strategy\DesignPatterns.Behavioral.Strategy.csproj", "{23AC4890-7D30-4284-899F-43710382B89F}"
EndProject
Project("{9A19103F-16F7-4668-BE54-9A1E7A4F7556}") = "DesignPatterns.Behavioral.TemplateMethod", "src\General Patterns\Behavioral Patterns\c-sharp\DesignPatterns.Behavioral.TemplateMethod\DesignPatterns.Behavioral.TemplateMethod.csproj", "{8B09EBC8-BD3E-49B7-9B39-C2983E690A09}"
EndProject
Project("{9A19103F-16F7-4668-BE54-9A1E7A4F7556}") = "DesignPatterns.Behavioral.Visitor", "src\General Patterns\Behavioral Patterns\c-sharp\DesignPatterns.Behavioral.Visitor\DesignPatterns.Behavioral.Visitor.csproj", "{F66B207A-AAC4-4E92-A295-69DD8DB3EFC2}"
EndProject
Project("{9A19103F-16F7-4668-BE54-9A1E7A4F7556}") = "DesignPatterns.Structural.Adapter", "src\General Patterns\Structural Patterns\c-sharp\DesignPatterns.Structural.Adapter\DesignPatterns.Structural.Adapter.csproj", "{98270FC1-B435-4723-B9DF-4FB082BBE1D8}"
EndProject
Project("{9A19103F-16F7-4668-BE54-9A1E7A4F7556}") = "DesignPatterns.Structural.Bridge", "src\General Patterns\Structural Patterns\c-sharp\DesignPatterns.Structural.Bridge\DesignPatterns.Structural.Bridge.csproj", "{2D25E253-4E02-43FE-B8E4-FCADC30BE8F3}"
EndProject
Global
	GlobalSection(SolutionConfigurationPlatforms) = preSolution
		Debug|Any CPU = Debug|Any CPU
		Release|Any CPU = Release|Any CPU
	EndGlobalSection
	GlobalSection(ProjectConfigurationPlatforms) = postSolution
		{B84DCBF1-1535-4824-87EF-8EB72D40E5FC}.Debug|Any CPU.ActiveCfg = Debug|Any CPU
		{B84DCBF1-1535-4824-87EF-8EB72D40E5FC}.Debug|Any CPU.Build.0 = Debug|Any CPU
		{B84DCBF1-1535-4824-87EF-8EB72D40E5FC}.Release|Any CPU.ActiveCfg = Release|Any CPU
		{B84DCBF1-1535-4824-87EF-8EB72D40E5FC}.Release|Any CPU.Build.0 = Release|Any CPU
		{677AB8F9-7F64-4753-B9FC-444862EA2AE6}.Debug|Any CPU.ActiveCfg = Debug|Any CPU
		{677AB8F9-7F64-4753-B9FC-444862EA2AE6}.Debug|Any CPU.Build.0 = Debug|Any CPU
		{677AB8F9-7F64-4753-B9FC-444862EA2AE6}.Release|Any CPU.ActiveCfg = Release|Any CPU
		{677AB8F9-7F64-4753-B9FC-444862EA2AE6}.Release|Any CPU.Build.0 = Release|Any CPU
		{BF21BE46-EED7-49E6-98CF-B9A896F98F3C}.Debug|Any CPU.ActiveCfg = Debug|Any CPU
		{BF21BE46-EED7-49E6-98CF-B9A896F98F3C}.Debug|Any CPU.Build.0 = Debug|Any CPU
		{BF21BE46-EED7-49E6-98CF-B9A896F98F3C}.Release|Any CPU.ActiveCfg = Release|Any CPU
		{BF21BE46-EED7-49E6-98CF-B9A896F98F3C}.Release|Any CPU.Build.0 = Release|Any CPU
		{78BEEC66-EC91-4C6F-B0C6-343DE91EAC2F}.Debug|Any CPU.ActiveCfg = Debug|Any CPU
		{78BEEC66-EC91-4C6F-B0C6-343DE91EAC2F}.Debug|Any CPU.Build.0 = Debug|Any CPU
		{78BEEC66-EC91-4C6F-B0C6-343DE91EAC2F}.Release|Any CPU.ActiveCfg = Release|Any CPU
		{78BEEC66-EC91-4C6F-B0C6-343DE91EAC2F}.Release|Any CPU.Build.0 = Release|Any CPU
		{1326F336-D7EB-4170-8674-F92965834522}.Debug|Any CPU.ActiveCfg = Debug|Any CPU
		{1326F336-D7EB-4170-8674-F92965834522}.Debug|Any CPU.Build.0 = Debug|Any CPU
		{1326F336-D7EB-4170-8674-F92965834522}.Release|Any CPU.ActiveCfg = Release|Any CPU
		{1326F336-D7EB-4170-8674-F92965834522}.Release|Any CPU.Build.0 = Release|Any CPU
		{FFB4D6B9-442A-4835-B6AD-011BC05B7C18}.Debug|Any CPU.ActiveCfg = Debug|Any CPU
		{FFB4D6B9-442A-4835-B6AD-011BC05B7C18}.Debug|Any CPU.Build.0 = Debug|Any CPU
		{FFB4D6B9-442A-4835-B6AD-011BC05B7C18}.Release|Any CPU.ActiveCfg = Release|Any CPU
		{FFB4D6B9-442A-4835-B6AD-011BC05B7C18}.Release|Any CPU.Build.0 = Release|Any CPU
		{5889A162-235A-4C93-A21E-340CFFA7318B}.Debug|Any CPU.ActiveCfg = Debug|Any CPU
		{5889A162-235A-4C93-A21E-340CFFA7318B}.Debug|Any CPU.Build.0 = Debug|Any CPU
		{5889A162-235A-4C93-A21E-340CFFA7318B}.Release|Any CPU.ActiveCfg = Release|Any CPU
		{5889A162-235A-4C93-A21E-340CFFA7318B}.Release|Any CPU.Build.0 = Release|Any CPU
		{8764CA1F-7E05-450A-9382-AF6E8D7CB2FC}.Debug|Any CPU.ActiveCfg = Debug|Any CPU
		{8764CA1F-7E05-450A-9382-AF6E8D7CB2FC}.Debug|Any CPU.Build.0 = Debug|Any CPU
		{8764CA1F-7E05-450A-9382-AF6E8D7CB2FC}.Release|Any CPU.ActiveCfg = Release|Any CPU
		{8764CA1F-7E05-450A-9382-AF6E8D7CB2FC}.Release|Any CPU.Build.0 = Release|Any CPU
		{853FB753-E86C-4D13-B5D0-92094E50BB7B}.Debug|Any CPU.ActiveCfg = Debug|Any CPU
		{853FB753-E86C-4D13-B5D0-92094E50BB7B}.Debug|Any CPU.Build.0 = Debug|Any CPU
		{853FB753-E86C-4D13-B5D0-92094E50BB7B}.Release|Any CPU.ActiveCfg = Release|Any CPU
		{853FB753-E86C-4D13-B5D0-92094E50BB7B}.Release|Any CPU.Build.0 = Release|Any CPU
		{4C744191-DB77-4D17-BECC-DC2F24593EAD}.Debug|Any CPU.ActiveCfg = Debug|Any CPU
		{4C744191-DB77-4D17-BECC-DC2F24593EAD}.Debug|Any CPU.Build.0 = Debug|Any CPU
		{4C744191-DB77-4D17-BECC-DC2F24593EAD}.Release|Any CPU.ActiveCfg = Release|Any CPU
		{4C744191-DB77-4D17-BECC-DC2F24593EAD}.Release|Any CPU.Build.0 = Release|Any CPU
		{652E5CF8-8904-472B-8340-5F28BB62EA87}.Debug|Any CPU.ActiveCfg = Debug|Any CPU
		{652E5CF8-8904-472B-8340-5F28BB62EA87}.Debug|Any CPU.Build.0 = Debug|Any CPU
		{652E5CF8-8904-472B-8340-5F28BB62EA87}.Release|Any CPU.ActiveCfg = Release|Any CPU
		{652E5CF8-8904-472B-8340-5F28BB62EA87}.Release|Any CPU.Build.0 = Release|Any CPU
		{CB91EF80-FE03-44B2-B39B-DDB7A27936EA}.Debug|Any CPU.ActiveCfg = Debug|Any CPU
		{CB91EF80-FE03-44B2-B39B-DDB7A27936EA}.Debug|Any CPU.Build.0 = Debug|Any CPU
		{CB91EF80-FE03-44B2-B39B-DDB7A27936EA}.Release|Any CPU.ActiveCfg = Release|Any CPU
		{CB91EF80-FE03-44B2-B39B-DDB7A27936EA}.Release|Any CPU.Build.0 = Release|Any CPU
		{85FE272D-3F34-4558-A86D-4A4750ED2A0E}.Debug|Any CPU.ActiveCfg = Debug|Any CPU
		{85FE272D-3F34-4558-A86D-4A4750ED2A0E}.Debug|Any CPU.Build.0 = Debug|Any CPU
		{85FE272D-3F34-4558-A86D-4A4750ED2A0E}.Release|Any CPU.ActiveCfg = Release|Any CPU
		{85FE272D-3F34-4558-A86D-4A4750ED2A0E}.Release|Any CPU.Build.0 = Release|Any CPU
		{23AC4890-7D30-4284-899F-43710382B89F}.Debug|Any CPU.ActiveCfg = Debug|Any CPU
		{23AC4890-7D30-4284-899F-43710382B89F}.Debug|Any CPU.Build.0 = Debug|Any CPU
		{23AC4890-7D30-4284-899F-43710382B89F}.Release|Any CPU.ActiveCfg = Release|Any CPU
		{23AC4890-7D30-4284-899F-43710382B89F}.Release|Any CPU.Build.0 = Release|Any CPU
		{8B09EBC8-BD3E-49B7-9B39-C2983E690A09}.Debug|Any CPU.ActiveCfg = Debug|Any CPU
		{8B09EBC8-BD3E-49B7-9B39-C2983E690A09}.Debug|Any CPU.Build.0 = Debug|Any CPU
		{8B09EBC8-BD3E-49B7-9B39-C2983E690A09}.Release|Any CPU.ActiveCfg = Release|Any CPU
		{8B09EBC8-BD3E-49B7-9B39-C2983E690A09}.Release|Any CPU.Build.0 = Release|Any CPU
		{F66B207A-AAC4-4E92-A295-69DD8DB3EFC2}.Debug|Any CPU.ActiveCfg = Debug|Any CPU
		{F66B207A-AAC4-4E92-A295-69DD8DB3EFC2}.Debug|Any CPU.Build.0 = Debug|Any CPU
		{F66B207A-AAC4-4E92-A295-69DD8DB3EFC2}.Release|Any CPU.ActiveCfg = Release|Any CPU
		{F66B207A-AAC4-4E92-A295-69DD8DB3EFC2}.Release|Any CPU.Build.0 = Release|Any CPU
		{98270FC1-B435-4723-B9DF-4FB082BBE1D8}.Debug|Any CPU.ActiveCfg = Debug|Any CPU
		{98270FC1-B435-4723-B9DF-4FB082BBE1D8}.Debug|Any CPU.Build.0 = Debug|Any CPU
		{98270FC1-B435-4723-B9DF-4FB082BBE1D8}.Release|Any CPU.ActiveCfg = Release|Any CPU
		{98270FC1-B435-4723-B9DF-4FB082BBE1D8}.Release|Any CPU.Build.0 = Release|Any CPU
		{2D25E253-4E02-43FE-B8E4-FCADC30BE8F3}.Debug|Any CPU.ActiveCfg = Debug|Any CPU
		{2D25E253-4E02-43FE-B8E4-FCADC30BE8F3}.Debug|Any CPU.Build.0 = Debug|Any CPU
		{2D25E253-4E02-43FE-B8E4-FCADC30BE8F3}.Release|Any CPU.ActiveCfg = Release|Any CPU
		{2D25E253-4E02-43FE-B8E4-FCADC30BE8F3}.Release|Any CPU.Build.0 = Release|Any CPU
	EndGlobalSection
	GlobalSection(SolutionProperties) = preSolution
		HideSolutionNode = FALSE
	EndGlobalSection
	GlobalSection(NestedProjects) = preSolution
		{E8F55B04-7238-4C49-BC3D-B2A36E713100} = {CD0C7813-CB2A-48ED-A6F5-16193899D345}
		{1B66EE33-3F6B-4611-95C1-BCFC7345B9AC} = {E8F55B04-7238-4C49-BC3D-B2A36E713100}
		{0E42D1CA-BB16-4788-863C-A85B0027040D} = {1B66EE33-3F6B-4611-95C1-BCFC7345B9AC}
		{F85D4877-D23C-49E9-9836-80ED9D3F0556} = {E8F55B04-7238-4C49-BC3D-B2A36E713100}
		{ECBCFBE4-D182-4E15-8C8B-C1845794DA1F} = {E8F55B04-7238-4C49-BC3D-B2A36E713100}
		{C15BF457-9D0D-47C4-8A61-A652D9D68064} = {ECBCFBE4-D182-4E15-8C8B-C1845794DA1F}
		{919207B8-6057-448A-B36E-08551A3335D3} = {F85D4877-D23C-49E9-9836-80ED9D3F0556}
		{8B614BE0-C994-4C4B-9CE5-C6070B044AE2} = {CD0C7813-CB2A-48ED-A6F5-16193899D345}
		{F88A0E09-508D-4908-BD4E-A755F31BB0D6} = {8B614BE0-C994-4C4B-9CE5-C6070B044AE2}
		{D445CD22-86AF-4564-816D-4B238FFC94C9} = {F88A0E09-508D-4908-BD4E-A755F31BB0D6}
		{10184F7C-29BB-48E0-AB20-59FB680CD24B} = {8B614BE0-C994-4C4B-9CE5-C6070B044AE2}
		{6ACBA3E6-26AC-47FB-B938-315B69C912BB} = {10184F7C-29BB-48E0-AB20-59FB680CD24B}
		{6DB06609-8622-4C94-B10D-617765DCBCEB} = {8B614BE0-C994-4C4B-9CE5-C6070B044AE2}
		{555F7B1C-4A08-4364-8C0C-048867D447FD} = {6DB06609-8622-4C94-B10D-617765DCBCEB}
		{5C4EB34D-0563-4B57-8F95-3F0DF06855A6} = {8B614BE0-C994-4C4B-9CE5-C6070B044AE2}
		{8FAB84F7-3289-4D6A-8A28-F3B7FA59C1D5} = {5C4EB34D-0563-4B57-8F95-3F0DF06855A6}
		{E1E4D5A1-1645-45AC-AA75-C6012DCE17B6} = {8B614BE0-C994-4C4B-9CE5-C6070B044AE2}
		{34FD41AE-6CCE-4949-AACB-AD23C2617705} = {E1E4D5A1-1645-45AC-AA75-C6012DCE17B6}
		{41A28A89-7499-41B3-BC4A-C6EB5528AC02} = {8B614BE0-C994-4C4B-9CE5-C6070B044AE2}
		{F1D52D01-6FFC-4135-AC95-11C275E08A93} = {41A28A89-7499-41B3-BC4A-C6EB5528AC02}
		{4154258B-71D3-4B32-A5DC-E745CE190B13} = {8B614BE0-C994-4C4B-9CE5-C6070B044AE2}
		{7F2549A9-4551-43A5-BAE5-EE4F59013155} = {4154258B-71D3-4B32-A5DC-E745CE190B13}
		{100204D7-E297-4EA3-83AF-A32E7A96A12A} = {8B614BE0-C994-4C4B-9CE5-C6070B044AE2}
		{CADF3F5A-556F-4FFA-BBE4-02F31182E17E} = {100204D7-E297-4EA3-83AF-A32E7A96A12A}
		{CCAA8CA6-5CB7-42D2-9F99-7DB1274B64D6} = {8B614BE0-C994-4C4B-9CE5-C6070B044AE2}
		{C1BB7A4C-B536-4F44-9C25-B571C3CC6D42} = {CCAA8CA6-5CB7-42D2-9F99-7DB1274B64D6}
		{CB0C3F23-75C0-45BF-9517-731D9B67926B} = {8B614BE0-C994-4C4B-9CE5-C6070B044AE2}
		{BDD0E76B-5FA6-4707-8692-F7519CD8FFCC} = {CB0C3F23-75C0-45BF-9517-731D9B67926B}
		{B84DCBF1-1535-4824-87EF-8EB72D40E5FC} = {0E42D1CA-BB16-4788-863C-A85B0027040D}
		{677AB8F9-7F64-4753-B9FC-444862EA2AE6} = {0E42D1CA-BB16-4788-863C-A85B0027040D}
		{BF21BE46-EED7-49E6-98CF-B9A896F98F3C} = {0E42D1CA-BB16-4788-863C-A85B0027040D}
		{78BEEC66-EC91-4C6F-B0C6-343DE91EAC2F} = {0E42D1CA-BB16-4788-863C-A85B0027040D}
		{1326F336-D7EB-4170-8674-F92965834522} = {0E42D1CA-BB16-4788-863C-A85B0027040D}
		{FFB4D6B9-442A-4835-B6AD-011BC05B7C18} = {919207B8-6057-448A-B36E-08551A3335D3}
		{5889A162-235A-4C93-A21E-340CFFA7318B} = {919207B8-6057-448A-B36E-08551A3335D3}
		{8764CA1F-7E05-450A-9382-AF6E8D7CB2FC} = {919207B8-6057-448A-B36E-08551A3335D3}
		{853FB753-E86C-4D13-B5D0-92094E50BB7B} = {919207B8-6057-448A-B36E-08551A3335D3}
		{4C744191-DB77-4D17-BECC-DC2F24593EAD} = {919207B8-6057-448A-B36E-08551A3335D3}
		{652E5CF8-8904-472B-8340-5F28BB62EA87} = {919207B8-6057-448A-B36E-08551A3335D3}
		{CB91EF80-FE03-44B2-B39B-DDB7A27936EA} = {919207B8-6057-448A-B36E-08551A3335D3}
		{85FE272D-3F34-4558-A86D-4A4750ED2A0E} = {919207B8-6057-448A-B36E-08551A3335D3}
		{23AC4890-7D30-4284-899F-43710382B89F} = {919207B8-6057-448A-B36E-08551A3335D3}
		{8B09EBC8-BD3E-49B7-9B39-C2983E690A09} = {919207B8-6057-448A-B36E-08551A3335D3}
		{F66B207A-AAC4-4E92-A295-69DD8DB3EFC2} = {919207B8-6057-448A-B36E-08551A3335D3}
		{98270FC1-B435-4723-B9DF-4FB082BBE1D8} = {C15BF457-9D0D-47C4-8A61-A652D9D68064}
		{2D25E253-4E02-43FE-B8E4-FCADC30BE8F3} = {C15BF457-9D0D-47C4-8A61-A652D9D68064}
	EndGlobalSection
EndGlobal
