
Microsoft Visual Studio Solution File, Format Version 12.00
# Visual Studio 15
VisualStudioVersion = 15.0.26430.6
MinimumVisualStudioVersion = 10.0.40219.1
Project("{2150E333-8FDC-42A3-9474-1A3956D46DE8}") = "src", "src", "{CD0C7813-CB2A-48ED-A6F5-16193899D345}"
EndProject
Project("{2150E333-8FDC-42A3-9474-1A3956D46DE8}") = "tests", "tests", "{409BA1CF-FDBD-4939-BF30-DB097B329776}"
EndProject
Project("{2150E333-8FDC-42A3-9474-1A3956D46DE8}") = "General Patterns", "General Patterns", "{E8F55B04-7238-4C49-BC3D-B2A36E713100}"
EndProject
Project("{2150E333-8FDC-42A3-9474-1A3956D46DE8}") = "Creational Patterns", "Creational Patterns", "{1B66EE33-3F6B-4611-95C1-BCFC7345B9AC}"
EndProject
Project("{2150E333-8FDC-42A3-9474-1A3956D46DE8}") = "c-sharp", "c-sharp", "{0E42D1CA-BB16-4788-863C-A85B0027040D}"
EndProject
Project("{2150E333-8FDC-42A3-9474-1A3956D46DE8}") = "Behavioral Patterns", "Behavioral Patterns", "{F85D4877-D23C-49E9-9836-80ED9D3F0556}"
EndProject
Project("{2150E333-8FDC-42A3-9474-1A3956D46DE8}") = "Structural Patterns", "Structural Patterns", "{ECBCFBE4-D182-4E15-8C8B-C1845794DA1F}"
EndProject
Project("{2150E333-8FDC-42A3-9474-1A3956D46DE8}") = "c-sharp", "c-sharp", "{C15BF457-9D0D-47C4-8A61-A652D9D68064}"
EndProject
Project("{2150E333-8FDC-42A3-9474-1A3956D46DE8}") = "c-sharp", "c-sharp", "{919207B8-6057-448A-B36E-08551A3335D3}"
EndProject
Project("{2150E333-8FDC-42A3-9474-1A3956D46DE8}") = "Enterprice Patterns", "Enterprice Patterns", "{8B614BE0-C994-4C4B-9CE5-C6070B044AE2}"
EndProject
Project("{2150E333-8FDC-42A3-9474-1A3956D46DE8}") = "Domain Logic Patterns", "Domain Logic Patterns", "{F88A0E09-508D-4908-BD4E-A755F31BB0D6}"
EndProject
Project("{2150E333-8FDC-42A3-9474-1A3956D46DE8}") = "c-sharp", "c-sharp", "{D445CD22-86AF-4564-816D-4B238FFC94C9}"
EndProject
Project("{2150E333-8FDC-42A3-9474-1A3956D46DE8}") = "Data Source Architectural Patterns", "Data Source Architectural Patterns", "{10184F7C-29BB-48E0-AB20-59FB680CD24B}"
EndProject
Project("{2150E333-8FDC-42A3-9474-1A3956D46DE8}") = "c-sharp", "c-sharp", "{6ACBA3E6-26AC-47FB-B938-315B69C912BB}"
EndProject
Project("{2150E333-8FDC-42A3-9474-1A3956D46DE8}") = "Object-Relational Behavioral Patterns", "Object-Relational Behavioral Patterns", "{6DB06609-8622-4C94-B10D-617765DCBCEB}"
EndProject
Project("{2150E333-8FDC-42A3-9474-1A3956D46DE8}") = "c-sharp", "c-sharp", "{555F7B1C-4A08-4364-8C0C-048867D447FD}"
EndProject
Project("{2150E333-8FDC-42A3-9474-1A3956D46DE8}") = "Object-Relational Structural Patterns", "Object-Relational Structural Patterns", "{5C4EB34D-0563-4B57-8F95-3F0DF06855A6}"
EndProject
Project("{2150E333-8FDC-42A3-9474-1A3956D46DE8}") = "c-sharp", "c-sharp", "{8FAB84F7-3289-4D6A-8A28-F3B7FA59C1D5}"
EndProject
Project("{2150E333-8FDC-42A3-9474-1A3956D46DE8}") = "Object-Relational Metadata Mapping Patterns", "Object-Relational Metadata Mapping Patterns", "{E1E4D5A1-1645-45AC-AA75-C6012DCE17B6}"
EndProject
Project("{2150E333-8FDC-42A3-9474-1A3956D46DE8}") = "c-sharp", "c-sharp", "{34FD41AE-6CCE-4949-AACB-AD23C2617705}"
EndProject
Project("{2150E333-8FDC-42A3-9474-1A3956D46DE8}") = "Web Presentation Patterns", "Web Presentation Patterns", "{41A28A89-7499-41B3-BC4A-C6EB5528AC02}"
EndProject
Project("{2150E333-8FDC-42A3-9474-1A3956D46DE8}") = "c-sharp", "c-sharp", "{F1D52D01-6FFC-4135-AC95-11C275E08A93}"
EndProject
Project("{2150E333-8FDC-42A3-9474-1A3956D46DE8}") = "Distribution Patterns", "Distribution Patterns", "{4154258B-71D3-4B32-A5DC-E745CE190B13}"
EndProject
Project("{2150E333-8FDC-42A3-9474-1A3956D46DE8}") = "c-sharp", "c-sharp", "{7F2549A9-4551-43A5-BAE5-EE4F59013155}"
EndProject
Project("{2150E333-8FDC-42A3-9474-1A3956D46DE8}") = "Offline Concurrency Patterns", "Offline Concurrency Patterns", "{100204D7-E297-4EA3-83AF-A32E7A96A12A}"
EndProject
Project("{2150E333-8FDC-42A3-9474-1A3956D46DE8}") = "c-sharp", "c-sharp", "{CADF3F5A-556F-4FFA-BBE4-02F31182E17E}"
EndProject
Project("{2150E333-8FDC-42A3-9474-1A3956D46DE8}") = "Session State Patterns", "Session State Patterns", "{CCAA8CA6-5CB7-42D2-9F99-7DB1274B64D6}"
EndProject
Project("{2150E333-8FDC-42A3-9474-1A3956D46DE8}") = "c-sharp", "c-sharp", "{C1BB7A4C-B536-4F44-9C25-B571C3CC6D42}"
EndProject
Project("{2150E333-8FDC-42A3-9474-1A3956D46DE8}") = "Base Patterns", "Base Patterns", "{CB0C3F23-75C0-45BF-9517-731D9B67926B}"
EndProject
Project("{2150E333-8FDC-42A3-9474-1A3956D46DE8}") = "c-sharp", "c-sharp", "{BDD0E76B-5FA6-4707-8692-F7519CD8FFCC}"
EndProject
Project("{9A19103F-16F7-4668-BE54-9A1E7A4F7556}") = "DesignPatterns.Creational.Builder", "src\General Patterns\Creational Patterns\c-sharp\DesignPatterns.Creational.Builder\DesignPatterns.Creational.Builder.csproj", "{B84DCBF1-1535-4824-87EF-8EB72D40E5FC}"
EndProject
Project("{9A19103F-16F7-4668-BE54-9A1E7A4F7556}") = "DesignPatterns.Creational.AbstractFactory", "src\General Patterns\Creational Patterns\c-sharp\DesignPatterns.Creational.AbstractFactory\DesignPatterns.Creational.AbstractFactory.csproj", "{677AB8F9-7F64-4753-B9FC-444862EA2AE6}"
EndProject
Project("{9A19103F-16F7-4668-BE54-9A1E7A4F7556}") = "DesignPatterns.Creational.FactoryMethod", "src\General Patterns\Creational Patterns\c-sharp\DesignPatterns.Creational.FactoryMethod\DesignPatterns.Creational.FactoryMethod.csproj", "{BF21BE46-EED7-49E6-98CF-B9A896F98F3C}"
EndProject
Project("{9A19103F-16F7-4668-BE54-9A1E7A4F7556}") = "DesignPatterns.Creational.Prototype", "src\General Patterns\Creational Patterns\c-sharp\DesignPatterns.Creational.Prototype\DesignPatterns.Creational.Prototype.csproj", "{78BEEC66-EC91-4C6F-B0C6-343DE91EAC2F}"
EndProject
Project("{9A19103F-16F7-4668-BE54-9A1E7A4F7556}") = "DesignPatterns.Creational.Singleton", "src\General Patterns\Creational Patterns\c-sharp\DesignPatterns.Creational.Singleton\DesignPatterns.Creational.Singleton.csproj", "{1326F336-D7EB-4170-8674-F92965834522}"
EndProject
Project("{9A19103F-16F7-4668-BE54-9A1E7A4F7556}") = "DesignPatterns.Behavioral.ChainOfResponsibility", "src\General Patterns\Behavioral Patterns\c-sharp\DesignPatterns.Behavioral.ChainOfResponsibility\DesignPatterns.Behavioral.ChainOfResponsibility.csproj", "{FFB4D6B9-442A-4835-B6AD-011BC05B7C18}"
EndProject
Project("{9A19103F-16F7-4668-BE54-9A1E7A4F7556}") = "DesignPatterns.Behavioral.Command", "src\General Patterns\Behavioral Patterns\c-sharp\DesignPatterns.Behavioral.Command\DesignPatterns.Behavioral.Command.csproj", "{5889A162-235A-4C93-A21E-340CFFA7318B}"
EndProject
Project("{9A19103F-16F7-4668-BE54-9A1E7A4F7556}") = "DesignPatterns.Behavioral.Interpreter", "src\General Patterns\Behavioral Patterns\c-sharp\DesignPatterns.Behavioral.Interpreter\DesignPatterns.Behavioral.Interpreter.csproj", "{8764CA1F-7E05-450A-9382-AF6E8D7CB2FC}"
EndProject
Project("{9A19103F-16F7-4668-BE54-9A1E7A4F7556}") = "DesignPatterns.Behavioral.Iterator", "src\General Patterns\Behavioral Patterns\c-sharp\DesignPatterns.Behavioral.Iterator\DesignPatterns.Behavioral.Iterator.csproj", "{853FB753-E86C-4D13-B5D0-92094E50BB7B}"
EndProject
Project("{9A19103F-16F7-4668-BE54-9A1E7A4F7556}") = "DesignPatterns.Behavioral.Mediator", "src\General Patterns\Behavioral Patterns\c-sharp\DesignPatterns.Behavioral.Mediator\DesignPatterns.Behavioral.Mediator.csproj", "{4C744191-DB77-4D17-BECC-DC2F24593EAD}"
EndProject
Project("{9A19103F-16F7-4668-BE54-9A1E7A4F7556}") = "DesignPatterns.Behavioral.Memento", "src\General Patterns\Behavioral Patterns\c-sharp\DesignPatterns.Behavioral.Memento\DesignPatterns.Behavioral.Memento.csproj", "{652E5CF8-8904-472B-8340-5F28BB62EA87}"
EndProject
Project("{9A19103F-16F7-4668-BE54-9A1E7A4F7556}") = "DesignPatterns.Behavioral.Observer", "src\General Patterns\Behavioral Patterns\c-sharp\DesignPatterns.Behavioral.Observer\DesignPatterns.Behavioral.Observer.csproj", "{CB91EF80-FE03-44B2-B39B-DDB7A27936EA}"
EndProject
Project("{9A19103F-16F7-4668-BE54-9A1E7A4F7556}") = "DesignPatterns.Behavioral.State", "src\General Patterns\Behavioral Patterns\c-sharp\DesignPatterns.Behavioral.State\DesignPatterns.Behavioral.State.csproj", "{85FE272D-3F34-4558-A86D-4A4750ED2A0E}"
EndProject
Project("{9A19103F-16F7-4668-BE54-9A1E7A4F7556}") = "DesignPatterns.Behavioral.Strategy", "src\General Patterns\Behavioral Patterns\c-sharp\DesignPatterns.Behavioral.Strategy\DesignPatterns.Behavioral.Strategy.csproj", "{23AC4890-7D30-4284-899F-43710382B89F}"
EndProject
Project("{9A19103F-16F7-4668-BE54-9A1E7A4F7556}") = "DesignPatterns.Behavioral.TemplateMethod", "src\General Patterns\Behavioral Patterns\c-sharp\DesignPatterns.Behavioral.TemplateMethod\DesignPatterns.Behavioral.TemplateMethod.csproj", "{8B09EBC8-BD3E-49B7-9B39-C2983E690A09}"
EndProject
Project("{9A19103F-16F7-4668-BE54-9A1E7A4F7556}") = "DesignPatterns.Behavioral.Visitor", "src\General Patterns\Behavioral Patterns\c-sharp\DesignPatterns.Behavioral.Visitor\DesignPatterns.Behavioral.Visitor.csproj", "{F66B207A-AAC4-4E92-A295-69DD8DB3EFC2}"
EndProject
Project("{9A19103F-16F7-4668-BE54-9A1E7A4F7556}") = "DesignPatterns.Structural.Adapter", "src\General Patterns\Structural Patterns\c-sharp\DesignPatterns.Structural.Adapter\DesignPatterns.Structural.Adapter.csproj", "{98270FC1-B435-4723-B9DF-4FB082BBE1D8}"
EndProject
Project("{9A19103F-16F7-4668-BE54-9A1E7A4F7556}") = "DesignPatterns.Structural.Bridge", "src\General Patterns\Structural Patterns\c-sharp\DesignPatterns.Structural.Bridge\DesignPatterns.Structural.Bridge.csproj", "{2D25E253-4E02-43FE-B8E4-FCADC30BE8F3}"
EndProject
Project("{9A19103F-16F7-4668-BE54-9A1E7A4F7556}") = "DesignPatterns.Structural.Composite", "src\General Patterns\Structural Patterns\c-sharp\DesignPatterns.Structural.Composite\DesignPatterns.Structural.Composite.csproj", "{FA11BB32-DC61-4CED-917E-0A2166223779}"
EndProject
Project("{9A19103F-16F7-4668-BE54-9A1E7A4F7556}") = "DesignPatterns.Structural.Decorator", "src\General Patterns\Structural Patterns\c-sharp\DesignPatterns.Structural.Decorator\DesignPatterns.Structural.Decorator.csproj", "{2C95894C-E455-4D19-99B5-BE55E7852556}"
EndProject
Project("{9A19103F-16F7-4668-BE54-9A1E7A4F7556}") = "DesignPatterns.Structural.Facade", "src\General Patterns\Structural Patterns\c-sharp\DesignPatterns.Structural.Facade\DesignPatterns.Structural.Facade.csproj", "{E990E140-1DE6-4190-9015-C94AC85C1088}"
EndProject
Project("{9A19103F-16F7-4668-BE54-9A1E7A4F7556}") = "DesignPatterns.Structural.Flyweight", "src\General Patterns\Structural Patterns\c-sharp\DesignPatterns.Structural.Flyweight\DesignPatterns.Structural.Flyweight.csproj", "{126F1971-CD67-4615-90F4-6A7E7EDAF706}"
EndProject
Project("{9A19103F-16F7-4668-BE54-9A1E7A4F7556}") = "DesignPatterns.Structural.Proxy", "src\General Patterns\Structural Patterns\c-sharp\DesignPatterns.Structural.Proxy\DesignPatterns.Structural.Proxy.csproj", "{CFC89A12-E692-41D3-A71F-F583CADD90B0}"
EndProject
Project("{9A19103F-16F7-4668-BE54-9A1E7A4F7556}") = "DesignPatterns.Base.Gateway", "src\Enterprise Patterns\Base Patterns\c-sharp\DesignPatterns.Base.Gateway\DesignPatterns.Base.Gateway.csproj", "{959B55F6-69B1-4F72-984B-E776773C0529}"
EndProject
Project("{9A19103F-16F7-4668-BE54-9A1E7A4F7556}") = "DesignPatterns.Base.LayerSupertype", "src\Enterprise Patterns\Base Patterns\c-sharp\DesignPatterns.Base.LayerSupertype\DesignPatterns.Base.LayerSupertype.csproj", "{433C2E23-4EE3-4F53-AE54-E70FBB071B24}"
EndProject
Project("{9A19103F-16F7-4668-BE54-9A1E7A4F7556}") = "DesignPatterns.Base.Mapper", "src\Enterprise Patterns\Base Patterns\c-sharp\DesignPatterns.Base.Mapper\DesignPatterns.Base.Mapper.csproj", "{DFFFFD3D-0FDB-4532-9596-71910C4060D2}"
EndProject
Project("{9A19103F-16F7-4668-BE54-9A1E7A4F7556}") = "DesignPatterns.Base.Money", "src\Enterprise Patterns\Base Patterns\c-sharp\DesignPatterns.Base.Money\DesignPatterns.Base.Money.csproj", "{DBC80118-B3E1-468C-80C6-413F22DE4ECB}"
EndProject
Project("{9A19103F-16F7-4668-BE54-9A1E7A4F7556}") = "DesignPatterns.Base.Plugin", "src\Enterprise Patterns\Base Patterns\c-sharp\DesignPatterns.Base.Plugin\DesignPatterns.Base.Plugin.csproj", "{BEB74B44-CFD6-4F07-9160-7B4E94E69AEA}"
EndProject
Project("{9A19103F-16F7-4668-BE54-9A1E7A4F7556}") = "DesignPatterns.Base.RecordSet", "src\Enterprise Patterns\Base Patterns\c-sharp\DesignPatterns.Base.RecordSet\DesignPatterns.Base.RecordSet.csproj", "{74156905-6470-4663-B6B5-63D7871B00D2}"
EndProject
Project("{9A19103F-16F7-4668-BE54-9A1E7A4F7556}") = "DesignPatterns.Base.Registry", "src\Enterprise Patterns\Base Patterns\c-sharp\DesignPatterns.Base.Registry\DesignPatterns.Base.Registry.csproj", "{CE60EE94-E735-41EA-8186-5895E36C9134}"
EndProject
Project("{9A19103F-16F7-4668-BE54-9A1E7A4F7556}") = "DesignPatterns.Base.SeparatedInterface", "src\Enterprise Patterns\Base Patterns\c-sharp\DesignPatterns.Base.SeparatedInterface\DesignPatterns.Base.SeparatedInterface.csproj", "{660E644E-B052-4D94-A34B-73EAA7DEDEC0}"
EndProject
Project("{9A19103F-16F7-4668-BE54-9A1E7A4F7556}") = "DesignPatterns.Base.ServiceStub", "src\Enterprise Patterns\Base Patterns\c-sharp\DesignPatterns.Base.ServiceStub\DesignPatterns.Base.ServiceStub.csproj", "{5F49354A-57F3-403D-A7AA-4D43CB2D4B61}"
EndProject
Project("{9A19103F-16F7-4668-BE54-9A1E7A4F7556}") = "DesignPatterns.Base.SpecialCase", "src\Enterprise Patterns\Base Patterns\c-sharp\DesignPatterns.Base.SpecialCase\DesignPatterns.Base.SpecialCase.csproj", "{CA6B269D-4EA2-427E-9B50-1FF014F2F0D9}"
EndProject
Project("{9A19103F-16F7-4668-BE54-9A1E7A4F7556}") = "DesignPatterns.Base.ValueObject", "src\Enterprise Patterns\Base Patterns\c-sharp\DesignPatterns.Base.ValueObject\DesignPatterns.Base.ValueObject.csproj", "{37C1D07A-4F62-4FD3-870A-6BAF480C1E87}"
EndProject
Project("{9A19103F-16F7-4668-BE54-9A1E7A4F7556}") = "DesignPatterns.DataSourceArchitectural.ActiveRecord", "src\Enterprise Patterns\Data Source Architectural Patterns\c-sharp\DesignPatterns.DataSourceArchitectural.ActiveRecord\DesignPatterns.DataSourceArchitectural.ActiveRecord.csproj", "{7F0A17FE-182E-4C57-AE17-4E4A75BCE30F}"
EndProject
Project("{9A19103F-16F7-4668-BE54-9A1E7A4F7556}") = "DesignPatterns.DataSourceArchitectural.DataMapper", "src\Enterprise Patterns\Data Source Architectural Patterns\c-sharp\DesignPatterns.DataSourceArchitectural.DataMapper\DesignPatterns.DataSourceArchitectural.DataMapper.csproj", "{69255F40-7470-40DD-84A9-2B823E8D9EF8}"
EndProject
Project("{9A19103F-16F7-4668-BE54-9A1E7A4F7556}") = "DesignPatterns.DataSourceArchitectural.RowDataGateway", "src\Enterprise Patterns\Data Source Architectural Patterns\c-sharp\DesignPatterns.DataSourceArchitectural.RowDataGateway\DesignPatterns.DataSourceArchitectural.RowDataGateway.csproj", "{1BD8E952-3E87-4170-A728-33D6535A194F}"
EndProject
Project("{9A19103F-16F7-4668-BE54-9A1E7A4F7556}") = "DesignPatterns.DataSourceArchitectural.TableDataGateway", "src\Enterprise Patterns\Data Source Architectural Patterns\c-sharp\DesignPatterns.DataSourceArchitectural.TableDataGateway\DesignPatterns.DataSourceArchitectural.TableDataGateway.csproj", "{62D61DC1-D66F-42C2-A8EF-063C3878EEAD}"
EndProject
Project("{9A19103F-16F7-4668-BE54-9A1E7A4F7556}") = "DesignPatterns.Distribution.DataTransferObject", "src\Enterprise Patterns\Distribution Patterns\c-sharp\DesignPatterns.Distribution.DataTransferObject\DesignPatterns.Distribution.DataTransferObject.csproj", "{052E2C4D-64F0-477B-B49D-FB84C94BF632}"
EndProject
Project("{9A19103F-16F7-4668-BE54-9A1E7A4F7556}") = "DesignPatterns.Distribution.RemoteFacade", "src\Enterprise Patterns\Distribution Patterns\c-sharp\DesignPatterns.Distribution.RemoteFacade\DesignPatterns.Distribution.RemoteFacade.csproj", "{F92EDEDD-C3BC-470F-99F5-E9900E569C50}"
EndProject
Project("{9A19103F-16F7-4668-BE54-9A1E7A4F7556}") = "DesignPatterns.DomainLogic.DomainModel", "src\Enterprise Patterns\Domain Logic Patterns\c-sharp\DesignPatterns.DomainLogic.DomainModel\DesignPatterns.DomainLogic.DomainModel.csproj", "{7623E2D0-60F3-456D-9BCD-EC39236178A9}"
EndProject
Project("{9A19103F-16F7-4668-BE54-9A1E7A4F7556}") = "DesignPatterns.DomainLogic.ServiceLayer", "src\Enterprise Patterns\Domain Logic Patterns\c-sharp\DesignPatterns.DomainLogic.ServiceLayer\DesignPatterns.DomainLogic.ServiceLayer.csproj", "{95D58B0E-CDA7-4943-AF2C-BC5106AEC9D1}"
EndProject
Project("{9A19103F-16F7-4668-BE54-9A1E7A4F7556}") = "DesignPatterns.DomainLogic.TableModule", "src\Enterprise Patterns\Domain Logic Patterns\c-sharp\DesignPatterns.DomainLogic.TableModule\DesignPatterns.DomainLogic.TableModule.csproj", "{A51FD33F-00D8-40C2-84D3-82374E4BED89}"
EndProject
Project("{9A19103F-16F7-4668-BE54-9A1E7A4F7556}") = "DesignPatterns.DomainLogic.TransactionScript", "src\Enterprise Patterns\Domain Logic Patterns\c-sharp\DesignPatterns.DomainLogic.TransactionScript\DesignPatterns.DomainLogic.TransactionScript.csproj", "{1C735FC5-BB22-4D8F-855E-85E36A00DAB5}"
EndProject
Project("{9A19103F-16F7-4668-BE54-9A1E7A4F7556}") = "DesignPatterns.ObjectRelationalBehavioral.IdentityMap", "src\Enterprise Patterns\Object-Relational Behavioral Patterns\c-sharp\DesignPatterns.ObjectRelationalBehavioral.IdentityMap\DesignPatterns.ObjectRelationalBehavioral.IdentityMap.csproj", "{D11BB77C-B110-4AE4-8DF9-A2BC33FECF79}"
EndProject
Project("{9A19103F-16F7-4668-BE54-9A1E7A4F7556}") = "DesignPatterns.ObjectRelationalBehavioral.LazyLoad", "src\Enterprise Patterns\Object-Relational Behavioral Patterns\c-sharp\DesignPatterns.ObjectRelationalBehavioral.LazyLoad\DesignPatterns.ObjectRelationalBehavioral.LazyLoad.csproj", "{7D28E37B-27BB-46A6-B432-E955A63D56EA}"
EndProject
Project("{9A19103F-16F7-4668-BE54-9A1E7A4F7556}") = "DesignPatterns.ObjectRelationalBehavioral.UnitOfWork", "src\Enterprise Patterns\Object-Relational Behavioral Patterns\c-sharp\DesignPatterns.ObjectRelationalBehavioral.UnitOfWork\DesignPatterns.ObjectRelationalBehavioral.UnitOfWork.csproj", "{8EBAC4F8-0B75-4B30-82F5-E806FB2BB4AC}"
EndProject
Project("{9A19103F-16F7-4668-BE54-9A1E7A4F7556}") = "DesignPatterns.ObjectRelationalMetadataMapping.MetadataMapping", "src\Enterprise Patterns\Object-Relational Metadata Mapping Patterns\c-sharp\DesignPatterns.ObjectRelationalMetadataMapping.MetadataMapping\DesignPatterns.ObjectRelationalMetadataMapping.MetadataMapping.csproj", "{556C8171-3712-4EC4-8142-9EA24F5726C7}"
EndProject
Project("{9A19103F-16F7-4668-BE54-9A1E7A4F7556}") = "DesignPatterns.ObjectRelationalMetadataMapping.QueryObject", "src\Enterprise Patterns\Object-Relational Metadata Mapping Patterns\c-sharp\DesignPatterns.ObjectRelationalMetadataMapping.QueryObject\DesignPatterns.ObjectRelationalMetadataMapping.QueryObject.csproj", "{A3EEDBC7-65EB-412F-8A53-7646E1264772}"
EndProject
Project("{9A19103F-16F7-4668-BE54-9A1E7A4F7556}") = "DesignPatterns.ObjectRelationalMetadataMapping.Repository", "src\Enterprise Patterns\Object-Relational Metadata Mapping Patterns\c-sharp\DesignPatterns.ObjectRelationalMetadataMapping.Repository\DesignPatterns.ObjectRelationalMetadataMapping.Repository.csproj", "{FE16C1C8-0755-464B-9F7D-AAF5B74F5EDA}"
EndProject
Project("{9A19103F-16F7-4668-BE54-9A1E7A4F7556}") = "DesignPatterns.ObjectRelationalStructural.AssociationTableMapping", "src\Enterprise Patterns\Object-Relational Structural Patterns\c-sharp\DesignPatterns.ObjectRelationalStructural.AssociationTableMapping\DesignPatterns.ObjectRelationalStructural.AssociationTableMapping.csproj", "{2D1867C9-47C0-4168-AE36-36948633328A}"
EndProject
Project("{9A19103F-16F7-4668-BE54-9A1E7A4F7556}") = "DesignPatterns.ObjectRelationalStructural.ClassTableInheritance", "src\Enterprise Patterns\Object-Relational Structural Patterns\c-sharp\DesignPatterns.ObjectRelationalStructural.ClassTableInheritance\DesignPatterns.ObjectRelationalStructural.ClassTableInheritance.csproj", "{0AD99048-2621-4616-A088-4CC2B0783583}"
EndProject
Project("{9A19103F-16F7-4668-BE54-9A1E7A4F7556}") = "DesignPatterns.ObjectRelationalStructural.DependentMapping", "src\Enterprise Patterns\Object-Relational Structural Patterns\c-sharp\DesignPatterns.ObjectRelationalStructural.DependentMapping\DesignPatterns.ObjectRelationalStructural.DependentMapping.csproj", "{F563EAB2-8BF9-421D-B33D-589EB872449C}"
EndProject
Project("{9A19103F-16F7-4668-BE54-9A1E7A4F7556}") = "DesignPatterns.ObjectRelationalStructural.EmbeddedValue", "src\Enterprise Patterns\Object-Relational Structural Patterns\c-sharp\DesignPatterns.ObjectRelationalStructural.EmbeddedValue\DesignPatterns.ObjectRelationalStructural.EmbeddedValue.csproj", "{185A4113-063A-474D-BA87-ADB9F1F4D31D}"
EndProject
Project("{9A19103F-16F7-4668-BE54-9A1E7A4F7556}") = "DesignPatterns.ObjectRelationalStructural.ForeignKeyMapping", "src\Enterprise Patterns\Object-Relational Structural Patterns\c-sharp\DesignPatterns.ObjectRelationalStructural.ForeignKeyMapping\DesignPatterns.ObjectRelationalStructural.ForeignKeyMapping.csproj", "{DB715DC0-5201-4C14-B4AE-E0AE612D72F9}"
EndProject
Project("{9A19103F-16F7-4668-BE54-9A1E7A4F7556}") = "DesignPatterns.ObjectRelationalStructural.IdentityField", "src\Enterprise Patterns\Object-Relational Structural Patterns\c-sharp\DesignPatterns.ObjectRelationalStructural.IdentityField\DesignPatterns.ObjectRelationalStructural.IdentityField.csproj", "{D4030043-9310-4D37-819E-34A52A4AF323}"
EndProject
Project("{9A19103F-16F7-4668-BE54-9A1E7A4F7556}") = "DesignPatterns.ObjectRelationalStructural.InheritanceMappers", "src\Enterprise Patterns\Object-Relational Structural Patterns\c-sharp\DesignPatterns.ObjectRelationalStructural.InheritanceMappers\DesignPatterns.ObjectRelationalStructural.InheritanceMappers.csproj", "{D94C77C1-4EB5-4AC3-B94F-C5AEE81801D3}"
EndProject
Project("{9A19103F-16F7-4668-BE54-9A1E7A4F7556}") = "DesignPatterns.ObjectRelationalStructural.SerializedLOB", "src\Enterprise Patterns\Object-Relational Structural Patterns\c-sharp\DesignPatterns.ObjectRelationalStructural.SerializedLOB\DesignPatterns.ObjectRelationalStructural.SerializedLOB.csproj", "{9668D094-9B23-403B-ACA3-E826E239A572}"
EndProject
Project("{9A19103F-16F7-4668-BE54-9A1E7A4F7556}") = "DesignPatterns.ObjectRelationalStructural.SingleTableInheritance", "src\Enterprise Patterns\Object-Relational Structural Patterns\c-sharp\DesignPatterns.ObjectRelationalStructural.SingleTableInheritance\DesignPatterns.ObjectRelationalStructural.SingleTableInheritance.csproj", "{CF30D077-1F70-499C-952B-6081C14D5DF3}"
EndProject
Project("{9A19103F-16F7-4668-BE54-9A1E7A4F7556}") = "DesignPatterns.OfflineConcurrency.CoarseGrainedLock", "src\Enterprise Patterns\Offline Concurrency Patterns\c-sharp\DesignPatterns.OfflineConcurrency.CoarseGrainedLock\DesignPatterns.OfflineConcurrency.CoarseGrainedLock.csproj", "{1EBD08CE-6D19-4B4D-BD92-BAC40DE1D343}"
EndProject
Project("{9A19103F-16F7-4668-BE54-9A1E7A4F7556}") = "DesignPatterns.OfflineConcurrency.ImplicitLock", "src\Enterprise Patterns\Offline Concurrency Patterns\c-sharp\DesignPatterns.OfflineConcurrency.ImplicitLock\DesignPatterns.OfflineConcurrency.ImplicitLock.csproj", "{FB5F4277-30FF-4EE8-80BD-632B4D547EA2}"
EndProject
Project("{9A19103F-16F7-4668-BE54-9A1E7A4F7556}") = "DesignPatterns.OfflineConcurrency.OptimisticOfflineLock", "src\Enterprise Patterns\Offline Concurrency Patterns\c-sharp\DesignPatterns.OfflineConcurrency.OptimisticOfflineLock\DesignPatterns.OfflineConcurrency.OptimisticOfflineLock.csproj", "{22B63EDF-41C9-42AB-8FF3-57CB5F0F12E0}"
EndProject
Project("{9A19103F-16F7-4668-BE54-9A1E7A4F7556}") = "DesignPatterns.OfflineConcurrency.PessimisticOfflineLock", "src\Enterprise Patterns\Offline Concurrency Patterns\c-sharp\DesignPatterns.OfflineConcurrency.PessimisticOfflineLock\DesignPatterns.OfflineConcurrency.PessimisticOfflineLock.csproj", "{28E8BB78-9DDE-4591-B1C9-A3FD6DB67A6C}"
EndProject
Project("{9A19103F-16F7-4668-BE54-9A1E7A4F7556}") = "DesignPatterns.SessionState.ClientSessionState", "src\Enterprise Patterns\Session State Patterns\c-sharp\DesignPatterns.SessionState.ClientSessionState\DesignPatterns.SessionState.ClientSessionState.csproj", "{022D0511-576A-423F-9BFD-0F3D2507506A}"
EndProject
Project("{9A19103F-16F7-4668-BE54-9A1E7A4F7556}") = "DesignPatterns.SessionState.DatabaseSessionState", "src\Enterprise Patterns\Session State Patterns\c-sharp\DesignPatterns.SessionState.DatabaseSessionState\DesignPatterns.SessionState.DatabaseSessionState.csproj", "{0943C028-E8ED-47E8-A1C8-BDDBBAE101BE}"
EndProject
Project("{9A19103F-16F7-4668-BE54-9A1E7A4F7556}") = "DesignPatterns.SessionState.ServerSessionState", "src\Enterprise Patterns\Session State Patterns\c-sharp\DesignPatterns.SessionState.ServerSessionState\DesignPatterns.SessionState.ServerSessionState.csproj", "{6342610F-F4C7-498E-9613-AE631C45BA4F}"
EndProject
Project("{9A19103F-16F7-4668-BE54-9A1E7A4F7556}") = "DesignPatterns.WebPresentation.FrontController", "src\Enterprise Patterns\Web Presentation Patterns\c-sharp\DesignPatterns.WebPresentation.FrontController\DesignPatterns.WebPresentation.FrontController.csproj", "{5324C78A-4212-4220-8384-FA7B4F938135}"
EndProject
Project("{9A19103F-16F7-4668-BE54-9A1E7A4F7556}") = "DesignPatterns.WebPresentation.ModelViewController", "src\Enterprise Patterns\Web Presentation Patterns\c-sharp\DesignPatterns.WebPresentation.ModelViewController\DesignPatterns.WebPresentation.ModelViewController.csproj", "{B62AB16F-DB6E-4F6A-B223-154AC6C66BF4}"
EndProject
Global
	GlobalSection(SolutionConfigurationPlatforms) = preSolution
		Debug|Any CPU = Debug|Any CPU
		Release|Any CPU = Release|Any CPU
	EndGlobalSection
	GlobalSection(ProjectConfigurationPlatforms) = postSolution
		{B84DCBF1-1535-4824-87EF-8EB72D40E5FC}.Debug|Any CPU.ActiveCfg = Debug|Any CPU
		{B84DCBF1-1535-4824-87EF-8EB72D40E5FC}.Debug|Any CPU.Build.0 = Debug|Any CPU
		{B84DCBF1-1535-4824-87EF-8EB72D40E5FC}.Release|Any CPU.ActiveCfg = Release|Any CPU
		{B84DCBF1-1535-4824-87EF-8EB72D40E5FC}.Release|Any CPU.Build.0 = Release|Any CPU
		{677AB8F9-7F64-4753-B9FC-444862EA2AE6}.Debug|Any CPU.ActiveCfg = Debug|Any CPU
		{677AB8F9-7F64-4753-B9FC-444862EA2AE6}.Debug|Any CPU.Build.0 = Debug|Any CPU
		{677AB8F9-7F64-4753-B9FC-444862EA2AE6}.Release|Any CPU.ActiveCfg = Release|Any CPU
		{677AB8F9-7F64-4753-B9FC-444862EA2AE6}.Release|Any CPU.Build.0 = Release|Any CPU
		{BF21BE46-EED7-49E6-98CF-B9A896F98F3C}.Debug|Any CPU.ActiveCfg = Debug|Any CPU
		{BF21BE46-EED7-49E6-98CF-B9A896F98F3C}.Debug|Any CPU.Build.0 = Debug|Any CPU
		{BF21BE46-EED7-49E6-98CF-B9A896F98F3C}.Release|Any CPU.ActiveCfg = Release|Any CPU
		{BF21BE46-EED7-49E6-98CF-B9A896F98F3C}.Release|Any CPU.Build.0 = Release|Any CPU
		{78BEEC66-EC91-4C6F-B0C6-343DE91EAC2F}.Debug|Any CPU.ActiveCfg = Debug|Any CPU
		{78BEEC66-EC91-4C6F-B0C6-343DE91EAC2F}.Debug|Any CPU.Build.0 = Debug|Any CPU
		{78BEEC66-EC91-4C6F-B0C6-343DE91EAC2F}.Release|Any CPU.ActiveCfg = Release|Any CPU
		{78BEEC66-EC91-4C6F-B0C6-343DE91EAC2F}.Release|Any CPU.Build.0 = Release|Any CPU
		{1326F336-D7EB-4170-8674-F92965834522}.Debug|Any CPU.ActiveCfg = Debug|Any CPU
		{1326F336-D7EB-4170-8674-F92965834522}.Debug|Any CPU.Build.0 = Debug|Any CPU
		{1326F336-D7EB-4170-8674-F92965834522}.Release|Any CPU.ActiveCfg = Release|Any CPU
		{1326F336-D7EB-4170-8674-F92965834522}.Release|Any CPU.Build.0 = Release|Any CPU
		{FFB4D6B9-442A-4835-B6AD-011BC05B7C18}.Debug|Any CPU.ActiveCfg = Debug|Any CPU
		{FFB4D6B9-442A-4835-B6AD-011BC05B7C18}.Debug|Any CPU.Build.0 = Debug|Any CPU
		{FFB4D6B9-442A-4835-B6AD-011BC05B7C18}.Release|Any CPU.ActiveCfg = Release|Any CPU
		{FFB4D6B9-442A-4835-B6AD-011BC05B7C18}.Release|Any CPU.Build.0 = Release|Any CPU
		{5889A162-235A-4C93-A21E-340CFFA7318B}.Debug|Any CPU.ActiveCfg = Debug|Any CPU
		{5889A162-235A-4C93-A21E-340CFFA7318B}.Debug|Any CPU.Build.0 = Debug|Any CPU
		{5889A162-235A-4C93-A21E-340CFFA7318B}.Release|Any CPU.ActiveCfg = Release|Any CPU
		{5889A162-235A-4C93-A21E-340CFFA7318B}.Release|Any CPU.Build.0 = Release|Any CPU
		{8764CA1F-7E05-450A-9382-AF6E8D7CB2FC}.Debug|Any CPU.ActiveCfg = Debug|Any CPU
		{8764CA1F-7E05-450A-9382-AF6E8D7CB2FC}.Debug|Any CPU.Build.0 = Debug|Any CPU
		{8764CA1F-7E05-450A-9382-AF6E8D7CB2FC}.Release|Any CPU.ActiveCfg = Release|Any CPU
		{8764CA1F-7E05-450A-9382-AF6E8D7CB2FC}.Release|Any CPU.Build.0 = Release|Any CPU
		{853FB753-E86C-4D13-B5D0-92094E50BB7B}.Debug|Any CPU.ActiveCfg = Debug|Any CPU
		{853FB753-E86C-4D13-B5D0-92094E50BB7B}.Debug|Any CPU.Build.0 = Debug|Any CPU
		{853FB753-E86C-4D13-B5D0-92094E50BB7B}.Release|Any CPU.ActiveCfg = Release|Any CPU
		{853FB753-E86C-4D13-B5D0-92094E50BB7B}.Release|Any CPU.Build.0 = Release|Any CPU
		{4C744191-DB77-4D17-BECC-DC2F24593EAD}.Debug|Any CPU.ActiveCfg = Debug|Any CPU
		{4C744191-DB77-4D17-BECC-DC2F24593EAD}.Debug|Any CPU.Build.0 = Debug|Any CPU
		{4C744191-DB77-4D17-BECC-DC2F24593EAD}.Release|Any CPU.ActiveCfg = Release|Any CPU
		{4C744191-DB77-4D17-BECC-DC2F24593EAD}.Release|Any CPU.Build.0 = Release|Any CPU
		{652E5CF8-8904-472B-8340-5F28BB62EA87}.Debug|Any CPU.ActiveCfg = Debug|Any CPU
		{652E5CF8-8904-472B-8340-5F28BB62EA87}.Debug|Any CPU.Build.0 = Debug|Any CPU
		{652E5CF8-8904-472B-8340-5F28BB62EA87}.Release|Any CPU.ActiveCfg = Release|Any CPU
		{652E5CF8-8904-472B-8340-5F28BB62EA87}.Release|Any CPU.Build.0 = Release|Any CPU
		{CB91EF80-FE03-44B2-B39B-DDB7A27936EA}.Debug|Any CPU.ActiveCfg = Debug|Any CPU
		{CB91EF80-FE03-44B2-B39B-DDB7A27936EA}.Debug|Any CPU.Build.0 = Debug|Any CPU
		{CB91EF80-FE03-44B2-B39B-DDB7A27936EA}.Release|Any CPU.ActiveCfg = Release|Any CPU
		{CB91EF80-FE03-44B2-B39B-DDB7A27936EA}.Release|Any CPU.Build.0 = Release|Any CPU
		{85FE272D-3F34-4558-A86D-4A4750ED2A0E}.Debug|Any CPU.ActiveCfg = Debug|Any CPU
		{85FE272D-3F34-4558-A86D-4A4750ED2A0E}.Debug|Any CPU.Build.0 = Debug|Any CPU
		{85FE272D-3F34-4558-A86D-4A4750ED2A0E}.Release|Any CPU.ActiveCfg = Release|Any CPU
		{85FE272D-3F34-4558-A86D-4A4750ED2A0E}.Release|Any CPU.Build.0 = Release|Any CPU
		{23AC4890-7D30-4284-899F-43710382B89F}.Debug|Any CPU.ActiveCfg = Debug|Any CPU
		{23AC4890-7D30-4284-899F-43710382B89F}.Debug|Any CPU.Build.0 = Debug|Any CPU
		{23AC4890-7D30-4284-899F-43710382B89F}.Release|Any CPU.ActiveCfg = Release|Any CPU
		{23AC4890-7D30-4284-899F-43710382B89F}.Release|Any CPU.Build.0 = Release|Any CPU
		{8B09EBC8-BD3E-49B7-9B39-C2983E690A09}.Debug|Any CPU.ActiveCfg = Debug|Any CPU
		{8B09EBC8-BD3E-49B7-9B39-C2983E690A09}.Debug|Any CPU.Build.0 = Debug|Any CPU
		{8B09EBC8-BD3E-49B7-9B39-C2983E690A09}.Release|Any CPU.ActiveCfg = Release|Any CPU
		{8B09EBC8-BD3E-49B7-9B39-C2983E690A09}.Release|Any CPU.Build.0 = Release|Any CPU
		{F66B207A-AAC4-4E92-A295-69DD8DB3EFC2}.Debug|Any CPU.ActiveCfg = Debug|Any CPU
		{F66B207A-AAC4-4E92-A295-69DD8DB3EFC2}.Debug|Any CPU.Build.0 = Debug|Any CPU
		{F66B207A-AAC4-4E92-A295-69DD8DB3EFC2}.Release|Any CPU.ActiveCfg = Release|Any CPU
		{F66B207A-AAC4-4E92-A295-69DD8DB3EFC2}.Release|Any CPU.Build.0 = Release|Any CPU
		{98270FC1-B435-4723-B9DF-4FB082BBE1D8}.Debug|Any CPU.ActiveCfg = Debug|Any CPU
		{98270FC1-B435-4723-B9DF-4FB082BBE1D8}.Debug|Any CPU.Build.0 = Debug|Any CPU
		{98270FC1-B435-4723-B9DF-4FB082BBE1D8}.Release|Any CPU.ActiveCfg = Release|Any CPU
		{98270FC1-B435-4723-B9DF-4FB082BBE1D8}.Release|Any CPU.Build.0 = Release|Any CPU
		{2D25E253-4E02-43FE-B8E4-FCADC30BE8F3}.Debug|Any CPU.ActiveCfg = Debug|Any CPU
		{2D25E253-4E02-43FE-B8E4-FCADC30BE8F3}.Debug|Any CPU.Build.0 = Debug|Any CPU
		{2D25E253-4E02-43FE-B8E4-FCADC30BE8F3}.Release|Any CPU.ActiveCfg = Release|Any CPU
		{2D25E253-4E02-43FE-B8E4-FCADC30BE8F3}.Release|Any CPU.Build.0 = Release|Any CPU
		{FA11BB32-DC61-4CED-917E-0A2166223779}.Debug|Any CPU.ActiveCfg = Debug|Any CPU
		{FA11BB32-DC61-4CED-917E-0A2166223779}.Debug|Any CPU.Build.0 = Debug|Any CPU
		{FA11BB32-DC61-4CED-917E-0A2166223779}.Release|Any CPU.ActiveCfg = Release|Any CPU
		{FA11BB32-DC61-4CED-917E-0A2166223779}.Release|Any CPU.Build.0 = Release|Any CPU
		{2C95894C-E455-4D19-99B5-BE55E7852556}.Debug|Any CPU.ActiveCfg = Debug|Any CPU
		{2C95894C-E455-4D19-99B5-BE55E7852556}.Debug|Any CPU.Build.0 = Debug|Any CPU
		{2C95894C-E455-4D19-99B5-BE55E7852556}.Release|Any CPU.ActiveCfg = Release|Any CPU
		{2C95894C-E455-4D19-99B5-BE55E7852556}.Release|Any CPU.Build.0 = Release|Any CPU
		{E990E140-1DE6-4190-9015-C94AC85C1088}.Debug|Any CPU.ActiveCfg = Debug|Any CPU
		{E990E140-1DE6-4190-9015-C94AC85C1088}.Debug|Any CPU.Build.0 = Debug|Any CPU
		{E990E140-1DE6-4190-9015-C94AC85C1088}.Release|Any CPU.ActiveCfg = Release|Any CPU
		{E990E140-1DE6-4190-9015-C94AC85C1088}.Release|Any CPU.Build.0 = Release|Any CPU
		{126F1971-CD67-4615-90F4-6A7E7EDAF706}.Debug|Any CPU.ActiveCfg = Debug|Any CPU
		{126F1971-CD67-4615-90F4-6A7E7EDAF706}.Debug|Any CPU.Build.0 = Debug|Any CPU
		{126F1971-CD67-4615-90F4-6A7E7EDAF706}.Release|Any CPU.ActiveCfg = Release|Any CPU
		{126F1971-CD67-4615-90F4-6A7E7EDAF706}.Release|Any CPU.Build.0 = Release|Any CPU
		{CFC89A12-E692-41D3-A71F-F583CADD90B0}.Debug|Any CPU.ActiveCfg = Debug|Any CPU
		{CFC89A12-E692-41D3-A71F-F583CADD90B0}.Debug|Any CPU.Build.0 = Debug|Any CPU
		{CFC89A12-E692-41D3-A71F-F583CADD90B0}.Release|Any CPU.ActiveCfg = Release|Any CPU
		{CFC89A12-E692-41D3-A71F-F583CADD90B0}.Release|Any CPU.Build.0 = Release|Any CPU
		{959B55F6-69B1-4F72-984B-E776773C0529}.Debug|Any CPU.ActiveCfg = Debug|Any CPU
		{959B55F6-69B1-4F72-984B-E776773C0529}.Debug|Any CPU.Build.0 = Debug|Any CPU
		{959B55F6-69B1-4F72-984B-E776773C0529}.Release|Any CPU.ActiveCfg = Release|Any CPU
		{959B55F6-69B1-4F72-984B-E776773C0529}.Release|Any CPU.Build.0 = Release|Any CPU
		{433C2E23-4EE3-4F53-AE54-E70FBB071B24}.Debug|Any CPU.ActiveCfg = Debug|Any CPU
		{433C2E23-4EE3-4F53-AE54-E70FBB071B24}.Debug|Any CPU.Build.0 = Debug|Any CPU
		{433C2E23-4EE3-4F53-AE54-E70FBB071B24}.Release|Any CPU.ActiveCfg = Release|Any CPU
		{433C2E23-4EE3-4F53-AE54-E70FBB071B24}.Release|Any CPU.Build.0 = Release|Any CPU
		{DFFFFD3D-0FDB-4532-9596-71910C4060D2}.Debug|Any CPU.ActiveCfg = Debug|Any CPU
		{DFFFFD3D-0FDB-4532-9596-71910C4060D2}.Debug|Any CPU.Build.0 = Debug|Any CPU
		{DFFFFD3D-0FDB-4532-9596-71910C4060D2}.Release|Any CPU.ActiveCfg = Release|Any CPU
		{DFFFFD3D-0FDB-4532-9596-71910C4060D2}.Release|Any CPU.Build.0 = Release|Any CPU
		{DBC80118-B3E1-468C-80C6-413F22DE4ECB}.Debug|Any CPU.ActiveCfg = Debug|Any CPU
		{DBC80118-B3E1-468C-80C6-413F22DE4ECB}.Debug|Any CPU.Build.0 = Debug|Any CPU
		{DBC80118-B3E1-468C-80C6-413F22DE4ECB}.Release|Any CPU.ActiveCfg = Release|Any CPU
		{DBC80118-B3E1-468C-80C6-413F22DE4ECB}.Release|Any CPU.Build.0 = Release|Any CPU
		{BEB74B44-CFD6-4F07-9160-7B4E94E69AEA}.Debug|Any CPU.ActiveCfg = Debug|Any CPU
		{BEB74B44-CFD6-4F07-9160-7B4E94E69AEA}.Debug|Any CPU.Build.0 = Debug|Any CPU
		{BEB74B44-CFD6-4F07-9160-7B4E94E69AEA}.Release|Any CPU.ActiveCfg = Release|Any CPU
		{BEB74B44-CFD6-4F07-9160-7B4E94E69AEA}.Release|Any CPU.Build.0 = Release|Any CPU
		{74156905-6470-4663-B6B5-63D7871B00D2}.Debug|Any CPU.ActiveCfg = Debug|Any CPU
		{74156905-6470-4663-B6B5-63D7871B00D2}.Debug|Any CPU.Build.0 = Debug|Any CPU
		{74156905-6470-4663-B6B5-63D7871B00D2}.Release|Any CPU.ActiveCfg = Release|Any CPU
		{74156905-6470-4663-B6B5-63D7871B00D2}.Release|Any CPU.Build.0 = Release|Any CPU
		{CE60EE94-E735-41EA-8186-5895E36C9134}.Debug|Any CPU.ActiveCfg = Debug|Any CPU
		{CE60EE94-E735-41EA-8186-5895E36C9134}.Debug|Any CPU.Build.0 = Debug|Any CPU
		{CE60EE94-E735-41EA-8186-5895E36C9134}.Release|Any CPU.ActiveCfg = Release|Any CPU
		{CE60EE94-E735-41EA-8186-5895E36C9134}.Release|Any CPU.Build.0 = Release|Any CPU
		{660E644E-B052-4D94-A34B-73EAA7DEDEC0}.Debug|Any CPU.ActiveCfg = Debug|Any CPU
		{660E644E-B052-4D94-A34B-73EAA7DEDEC0}.Debug|Any CPU.Build.0 = Debug|Any CPU
		{660E644E-B052-4D94-A34B-73EAA7DEDEC0}.Release|Any CPU.ActiveCfg = Release|Any CPU
		{660E644E-B052-4D94-A34B-73EAA7DEDEC0}.Release|Any CPU.Build.0 = Release|Any CPU
		{5F49354A-57F3-403D-A7AA-4D43CB2D4B61}.Debug|Any CPU.ActiveCfg = Debug|Any CPU
		{5F49354A-57F3-403D-A7AA-4D43CB2D4B61}.Debug|Any CPU.Build.0 = Debug|Any CPU
		{5F49354A-57F3-403D-A7AA-4D43CB2D4B61}.Release|Any CPU.ActiveCfg = Release|Any CPU
		{5F49354A-57F3-403D-A7AA-4D43CB2D4B61}.Release|Any CPU.Build.0 = Release|Any CPU
		{CA6B269D-4EA2-427E-9B50-1FF014F2F0D9}.Debug|Any CPU.ActiveCfg = Debug|Any CPU
		{CA6B269D-4EA2-427E-9B50-1FF014F2F0D9}.Debug|Any CPU.Build.0 = Debug|Any CPU
		{CA6B269D-4EA2-427E-9B50-1FF014F2F0D9}.Release|Any CPU.ActiveCfg = Release|Any CPU
		{CA6B269D-4EA2-427E-9B50-1FF014F2F0D9}.Release|Any CPU.Build.0 = Release|Any CPU
		{37C1D07A-4F62-4FD3-870A-6BAF480C1E87}.Debug|Any CPU.ActiveCfg = Debug|Any CPU
		{37C1D07A-4F62-4FD3-870A-6BAF480C1E87}.Debug|Any CPU.Build.0 = Debug|Any CPU
		{37C1D07A-4F62-4FD3-870A-6BAF480C1E87}.Release|Any CPU.ActiveCfg = Release|Any CPU
		{37C1D07A-4F62-4FD3-870A-6BAF480C1E87}.Release|Any CPU.Build.0 = Release|Any CPU
		{7F0A17FE-182E-4C57-AE17-4E4A75BCE30F}.Debug|Any CPU.ActiveCfg = Debug|Any CPU
		{7F0A17FE-182E-4C57-AE17-4E4A75BCE30F}.Debug|Any CPU.Build.0 = Debug|Any CPU
		{7F0A17FE-182E-4C57-AE17-4E4A75BCE30F}.Release|Any CPU.ActiveCfg = Release|Any CPU
		{7F0A17FE-182E-4C57-AE17-4E4A75BCE30F}.Release|Any CPU.Build.0 = Release|Any CPU
		{69255F40-7470-40DD-84A9-2B823E8D9EF8}.Debug|Any CPU.ActiveCfg = Debug|Any CPU
		{69255F40-7470-40DD-84A9-2B823E8D9EF8}.Debug|Any CPU.Build.0 = Debug|Any CPU
		{69255F40-7470-40DD-84A9-2B823E8D9EF8}.Release|Any CPU.ActiveCfg = Release|Any CPU
		{69255F40-7470-40DD-84A9-2B823E8D9EF8}.Release|Any CPU.Build.0 = Release|Any CPU
		{1BD8E952-3E87-4170-A728-33D6535A194F}.Debug|Any CPU.ActiveCfg = Debug|Any CPU
		{1BD8E952-3E87-4170-A728-33D6535A194F}.Debug|Any CPU.Build.0 = Debug|Any CPU
		{1BD8E952-3E87-4170-A728-33D6535A194F}.Release|Any CPU.ActiveCfg = Release|Any CPU
		{1BD8E952-3E87-4170-A728-33D6535A194F}.Release|Any CPU.Build.0 = Release|Any CPU
		{62D61DC1-D66F-42C2-A8EF-063C3878EEAD}.Debug|Any CPU.ActiveCfg = Debug|Any CPU
		{62D61DC1-D66F-42C2-A8EF-063C3878EEAD}.Debug|Any CPU.Build.0 = Debug|Any CPU
		{62D61DC1-D66F-42C2-A8EF-063C3878EEAD}.Release|Any CPU.ActiveCfg = Release|Any CPU
		{62D61DC1-D66F-42C2-A8EF-063C3878EEAD}.Release|Any CPU.Build.0 = Release|Any CPU
		{052E2C4D-64F0-477B-B49D-FB84C94BF632}.Debug|Any CPU.ActiveCfg = Debug|Any CPU
		{052E2C4D-64F0-477B-B49D-FB84C94BF632}.Debug|Any CPU.Build.0 = Debug|Any CPU
		{052E2C4D-64F0-477B-B49D-FB84C94BF632}.Release|Any CPU.ActiveCfg = Release|Any CPU
		{052E2C4D-64F0-477B-B49D-FB84C94BF632}.Release|Any CPU.Build.0 = Release|Any CPU
		{F92EDEDD-C3BC-470F-99F5-E9900E569C50}.Debug|Any CPU.ActiveCfg = Debug|Any CPU
		{F92EDEDD-C3BC-470F-99F5-E9900E569C50}.Debug|Any CPU.Build.0 = Debug|Any CPU
		{F92EDEDD-C3BC-470F-99F5-E9900E569C50}.Release|Any CPU.ActiveCfg = Release|Any CPU
		{F92EDEDD-C3BC-470F-99F5-E9900E569C50}.Release|Any CPU.Build.0 = Release|Any CPU
		{7623E2D0-60F3-456D-9BCD-EC39236178A9}.Debug|Any CPU.ActiveCfg = Debug|Any CPU
		{7623E2D0-60F3-456D-9BCD-EC39236178A9}.Debug|Any CPU.Build.0 = Debug|Any CPU
		{7623E2D0-60F3-456D-9BCD-EC39236178A9}.Release|Any CPU.ActiveCfg = Release|Any CPU
		{7623E2D0-60F3-456D-9BCD-EC39236178A9}.Release|Any CPU.Build.0 = Release|Any CPU
		{95D58B0E-CDA7-4943-AF2C-BC5106AEC9D1}.Debug|Any CPU.ActiveCfg = Debug|Any CPU
		{95D58B0E-CDA7-4943-AF2C-BC5106AEC9D1}.Debug|Any CPU.Build.0 = Debug|Any CPU
		{95D58B0E-CDA7-4943-AF2C-BC5106AEC9D1}.Release|Any CPU.ActiveCfg = Release|Any CPU
		{95D58B0E-CDA7-4943-AF2C-BC5106AEC9D1}.Release|Any CPU.Build.0 = Release|Any CPU
		{A51FD33F-00D8-40C2-84D3-82374E4BED89}.Debug|Any CPU.ActiveCfg = Debug|Any CPU
		{A51FD33F-00D8-40C2-84D3-82374E4BED89}.Debug|Any CPU.Build.0 = Debug|Any CPU
		{A51FD33F-00D8-40C2-84D3-82374E4BED89}.Release|Any CPU.ActiveCfg = Release|Any CPU
		{A51FD33F-00D8-40C2-84D3-82374E4BED89}.Release|Any CPU.Build.0 = Release|Any CPU
		{1C735FC5-BB22-4D8F-855E-85E36A00DAB5}.Debug|Any CPU.ActiveCfg = Debug|Any CPU
		{1C735FC5-BB22-4D8F-855E-85E36A00DAB5}.Debug|Any CPU.Build.0 = Debug|Any CPU
		{1C735FC5-BB22-4D8F-855E-85E36A00DAB5}.Release|Any CPU.ActiveCfg = Release|Any CPU
		{1C735FC5-BB22-4D8F-855E-85E36A00DAB5}.Release|Any CPU.Build.0 = Release|Any CPU
		{D11BB77C-B110-4AE4-8DF9-A2BC33FECF79}.Debug|Any CPU.ActiveCfg = Debug|Any CPU
		{D11BB77C-B110-4AE4-8DF9-A2BC33FECF79}.Debug|Any CPU.Build.0 = Debug|Any CPU
		{D11BB77C-B110-4AE4-8DF9-A2BC33FECF79}.Release|Any CPU.ActiveCfg = Release|Any CPU
		{D11BB77C-B110-4AE4-8DF9-A2BC33FECF79}.Release|Any CPU.Build.0 = Release|Any CPU
		{7D28E37B-27BB-46A6-B432-E955A63D56EA}.Debug|Any CPU.ActiveCfg = Debug|Any CPU
		{7D28E37B-27BB-46A6-B432-E955A63D56EA}.Debug|Any CPU.Build.0 = Debug|Any CPU
		{7D28E37B-27BB-46A6-B432-E955A63D56EA}.Release|Any CPU.ActiveCfg = Release|Any CPU
		{7D28E37B-27BB-46A6-B432-E955A63D56EA}.Release|Any CPU.Build.0 = Release|Any CPU
		{8EBAC4F8-0B75-4B30-82F5-E806FB2BB4AC}.Debug|Any CPU.ActiveCfg = Debug|Any CPU
		{8EBAC4F8-0B75-4B30-82F5-E806FB2BB4AC}.Debug|Any CPU.Build.0 = Debug|Any CPU
		{8EBAC4F8-0B75-4B30-82F5-E806FB2BB4AC}.Release|Any CPU.ActiveCfg = Release|Any CPU
		{8EBAC4F8-0B75-4B30-82F5-E806FB2BB4AC}.Release|Any CPU.Build.0 = Release|Any CPU
		{556C8171-3712-4EC4-8142-9EA24F5726C7}.Debug|Any CPU.ActiveCfg = Debug|Any CPU
		{556C8171-3712-4EC4-8142-9EA24F5726C7}.Debug|Any CPU.Build.0 = Debug|Any CPU
		{556C8171-3712-4EC4-8142-9EA24F5726C7}.Release|Any CPU.ActiveCfg = Release|Any CPU
		{556C8171-3712-4EC4-8142-9EA24F5726C7}.Release|Any CPU.Build.0 = Release|Any CPU
		{A3EEDBC7-65EB-412F-8A53-7646E1264772}.Debug|Any CPU.ActiveCfg = Debug|Any CPU
		{A3EEDBC7-65EB-412F-8A53-7646E1264772}.Debug|Any CPU.Build.0 = Debug|Any CPU
		{A3EEDBC7-65EB-412F-8A53-7646E1264772}.Release|Any CPU.ActiveCfg = Release|Any CPU
		{A3EEDBC7-65EB-412F-8A53-7646E1264772}.Release|Any CPU.Build.0 = Release|Any CPU
		{FE16C1C8-0755-464B-9F7D-AAF5B74F5EDA}.Debug|Any CPU.ActiveCfg = Debug|Any CPU
		{FE16C1C8-0755-464B-9F7D-AAF5B74F5EDA}.Debug|Any CPU.Build.0 = Debug|Any CPU
		{FE16C1C8-0755-464B-9F7D-AAF5B74F5EDA}.Release|Any CPU.ActiveCfg = Release|Any CPU
		{FE16C1C8-0755-464B-9F7D-AAF5B74F5EDA}.Release|Any CPU.Build.0 = Release|Any CPU
		{2D1867C9-47C0-4168-AE36-36948633328A}.Debug|Any CPU.ActiveCfg = Debug|Any CPU
		{2D1867C9-47C0-4168-AE36-36948633328A}.Debug|Any CPU.Build.0 = Debug|Any CPU
		{2D1867C9-47C0-4168-AE36-36948633328A}.Release|Any CPU.ActiveCfg = Release|Any CPU
		{2D1867C9-47C0-4168-AE36-36948633328A}.Release|Any CPU.Build.0 = Release|Any CPU
		{0AD99048-2621-4616-A088-4CC2B0783583}.Debug|Any CPU.ActiveCfg = Debug|Any CPU
		{0AD99048-2621-4616-A088-4CC2B0783583}.Debug|Any CPU.Build.0 = Debug|Any CPU
		{0AD99048-2621-4616-A088-4CC2B0783583}.Release|Any CPU.ActiveCfg = Release|Any CPU
		{0AD99048-2621-4616-A088-4CC2B0783583}.Release|Any CPU.Build.0 = Release|Any CPU
		{F563EAB2-8BF9-421D-B33D-589EB872449C}.Debug|Any CPU.ActiveCfg = Debug|Any CPU
		{F563EAB2-8BF9-421D-B33D-589EB872449C}.Debug|Any CPU.Build.0 = Debug|Any CPU
		{F563EAB2-8BF9-421D-B33D-589EB872449C}.Release|Any CPU.ActiveCfg = Release|Any CPU
		{F563EAB2-8BF9-421D-B33D-589EB872449C}.Release|Any CPU.Build.0 = Release|Any CPU
		{185A4113-063A-474D-BA87-ADB9F1F4D31D}.Debug|Any CPU.ActiveCfg = Debug|Any CPU
		{185A4113-063A-474D-BA87-ADB9F1F4D31D}.Debug|Any CPU.Build.0 = Debug|Any CPU
		{185A4113-063A-474D-BA87-ADB9F1F4D31D}.Release|Any CPU.ActiveCfg = Release|Any CPU
		{185A4113-063A-474D-BA87-ADB9F1F4D31D}.Release|Any CPU.Build.0 = Release|Any CPU
		{DB715DC0-5201-4C14-B4AE-E0AE612D72F9}.Debug|Any CPU.ActiveCfg = Debug|Any CPU
		{DB715DC0-5201-4C14-B4AE-E0AE612D72F9}.Debug|Any CPU.Build.0 = Debug|Any CPU
		{DB715DC0-5201-4C14-B4AE-E0AE612D72F9}.Release|Any CPU.ActiveCfg = Release|Any CPU
		{DB715DC0-5201-4C14-B4AE-E0AE612D72F9}.Release|Any CPU.Build.0 = Release|Any CPU
		{D4030043-9310-4D37-819E-34A52A4AF323}.Debug|Any CPU.ActiveCfg = Debug|Any CPU
		{D4030043-9310-4D37-819E-34A52A4AF323}.Debug|Any CPU.Build.0 = Debug|Any CPU
		{D4030043-9310-4D37-819E-34A52A4AF323}.Release|Any CPU.ActiveCfg = Release|Any CPU
		{D4030043-9310-4D37-819E-34A52A4AF323}.Release|Any CPU.Build.0 = Release|Any CPU
		{D94C77C1-4EB5-4AC3-B94F-C5AEE81801D3}.Debug|Any CPU.ActiveCfg = Debug|Any CPU
		{D94C77C1-4EB5-4AC3-B94F-C5AEE81801D3}.Debug|Any CPU.Build.0 = Debug|Any CPU
		{D94C77C1-4EB5-4AC3-B94F-C5AEE81801D3}.Release|Any CPU.ActiveCfg = Release|Any CPU
		{D94C77C1-4EB5-4AC3-B94F-C5AEE81801D3}.Release|Any CPU.Build.0 = Release|Any CPU
		{9668D094-9B23-403B-ACA3-E826E239A572}.Debug|Any CPU.ActiveCfg = Debug|Any CPU
		{9668D094-9B23-403B-ACA3-E826E239A572}.Debug|Any CPU.Build.0 = Debug|Any CPU
		{9668D094-9B23-403B-ACA3-E826E239A572}.Release|Any CPU.ActiveCfg = Release|Any CPU
		{9668D094-9B23-403B-ACA3-E826E239A572}.Release|Any CPU.Build.0 = Release|Any CPU
		{CF30D077-1F70-499C-952B-6081C14D5DF3}.Debug|Any CPU.ActiveCfg = Debug|Any CPU
		{CF30D077-1F70-499C-952B-6081C14D5DF3}.Debug|Any CPU.Build.0 = Debug|Any CPU
		{CF30D077-1F70-499C-952B-6081C14D5DF3}.Release|Any CPU.ActiveCfg = Release|Any CPU
		{CF30D077-1F70-499C-952B-6081C14D5DF3}.Release|Any CPU.Build.0 = Release|Any CPU
		{1EBD08CE-6D19-4B4D-BD92-BAC40DE1D343}.Debug|Any CPU.ActiveCfg = Debug|Any CPU
		{1EBD08CE-6D19-4B4D-BD92-BAC40DE1D343}.Debug|Any CPU.Build.0 = Debug|Any CPU
		{1EBD08CE-6D19-4B4D-BD92-BAC40DE1D343}.Release|Any CPU.ActiveCfg = Release|Any CPU
		{1EBD08CE-6D19-4B4D-BD92-BAC40DE1D343}.Release|Any CPU.Build.0 = Release|Any CPU
		{FB5F4277-30FF-4EE8-80BD-632B4D547EA2}.Debug|Any CPU.ActiveCfg = Debug|Any CPU
		{FB5F4277-30FF-4EE8-80BD-632B4D547EA2}.Debug|Any CPU.Build.0 = Debug|Any CPU
		{FB5F4277-30FF-4EE8-80BD-632B4D547EA2}.Release|Any CPU.ActiveCfg = Release|Any CPU
		{FB5F4277-30FF-4EE8-80BD-632B4D547EA2}.Release|Any CPU.Build.0 = Release|Any CPU
		{22B63EDF-41C9-42AB-8FF3-57CB5F0F12E0}.Debug|Any CPU.ActiveCfg = Debug|Any CPU
		{22B63EDF-41C9-42AB-8FF3-57CB5F0F12E0}.Debug|Any CPU.Build.0 = Debug|Any CPU
		{22B63EDF-41C9-42AB-8FF3-57CB5F0F12E0}.Release|Any CPU.ActiveCfg = Release|Any CPU
		{22B63EDF-41C9-42AB-8FF3-57CB5F0F12E0}.Release|Any CPU.Build.0 = Release|Any CPU
		{28E8BB78-9DDE-4591-B1C9-A3FD6DB67A6C}.Debug|Any CPU.ActiveCfg = Debug|Any CPU
		{28E8BB78-9DDE-4591-B1C9-A3FD6DB67A6C}.Debug|Any CPU.Build.0 = Debug|Any CPU
		{28E8BB78-9DDE-4591-B1C9-A3FD6DB67A6C}.Release|Any CPU.ActiveCfg = Release|Any CPU
		{28E8BB78-9DDE-4591-B1C9-A3FD6DB67A6C}.Release|Any CPU.Build.0 = Release|Any CPU
		{022D0511-576A-423F-9BFD-0F3D2507506A}.Debug|Any CPU.ActiveCfg = Debug|Any CPU
		{022D0511-576A-423F-9BFD-0F3D2507506A}.Debug|Any CPU.Build.0 = Debug|Any CPU
		{022D0511-576A-423F-9BFD-0F3D2507506A}.Release|Any CPU.ActiveCfg = Release|Any CPU
		{022D0511-576A-423F-9BFD-0F3D2507506A}.Release|Any CPU.Build.0 = Release|Any CPU
		{0943C028-E8ED-47E8-A1C8-BDDBBAE101BE}.Debug|Any CPU.ActiveCfg = Debug|Any CPU
		{0943C028-E8ED-47E8-A1C8-BDDBBAE101BE}.Debug|Any CPU.Build.0 = Debug|Any CPU
		{0943C028-E8ED-47E8-A1C8-BDDBBAE101BE}.Release|Any CPU.ActiveCfg = Release|Any CPU
		{0943C028-E8ED-47E8-A1C8-BDDBBAE101BE}.Release|Any CPU.Build.0 = Release|Any CPU
		{6342610F-F4C7-498E-9613-AE631C45BA4F}.Debug|Any CPU.ActiveCfg = Debug|Any CPU
		{6342610F-F4C7-498E-9613-AE631C45BA4F}.Debug|Any CPU.Build.0 = Debug|Any CPU
		{6342610F-F4C7-498E-9613-AE631C45BA4F}.Release|Any CPU.ActiveCfg = Release|Any CPU
		{6342610F-F4C7-498E-9613-AE631C45BA4F}.Release|Any CPU.Build.0 = Release|Any CPU
		{5324C78A-4212-4220-8384-FA7B4F938135}.Debug|Any CPU.ActiveCfg = Debug|Any CPU
		{5324C78A-4212-4220-8384-FA7B4F938135}.Debug|Any CPU.Build.0 = Debug|Any CPU
		{5324C78A-4212-4220-8384-FA7B4F938135}.Release|Any CPU.ActiveCfg = Release|Any CPU
		{5324C78A-4212-4220-8384-FA7B4F938135}.Release|Any CPU.Build.0 = Release|Any CPU
		{B62AB16F-DB6E-4F6A-B223-154AC6C66BF4}.Debug|Any CPU.ActiveCfg = Debug|Any CPU
		{B62AB16F-DB6E-4F6A-B223-154AC6C66BF4}.Debug|Any CPU.Build.0 = Debug|Any CPU
		{B62AB16F-DB6E-4F6A-B223-154AC6C66BF4}.Release|Any CPU.ActiveCfg = Release|Any CPU
		{B62AB16F-DB6E-4F6A-B223-154AC6C66BF4}.Release|Any CPU.Build.0 = Release|Any CPU
	EndGlobalSection
	GlobalSection(SolutionProperties) = preSolution
		HideSolutionNode = FALSE
	EndGlobalSection
	GlobalSection(NestedProjects) = preSolution
		{E8F55B04-7238-4C49-BC3D-B2A36E713100} = {CD0C7813-CB2A-48ED-A6F5-16193899D345}
		{1B66EE33-3F6B-4611-95C1-BCFC7345B9AC} = {E8F55B04-7238-4C49-BC3D-B2A36E713100}
		{0E42D1CA-BB16-4788-863C-A85B0027040D} = {1B66EE33-3F6B-4611-95C1-BCFC7345B9AC}
		{F85D4877-D23C-49E9-9836-80ED9D3F0556} = {E8F55B04-7238-4C49-BC3D-B2A36E713100}
		{ECBCFBE4-D182-4E15-8C8B-C1845794DA1F} = {E8F55B04-7238-4C49-BC3D-B2A36E713100}
		{C15BF457-9D0D-47C4-8A61-A652D9D68064} = {ECBCFBE4-D182-4E15-8C8B-C1845794DA1F}
		{919207B8-6057-448A-B36E-08551A3335D3} = {F85D4877-D23C-49E9-9836-80ED9D3F0556}
		{8B614BE0-C994-4C4B-9CE5-C6070B044AE2} = {CD0C7813-CB2A-48ED-A6F5-16193899D345}
		{F88A0E09-508D-4908-BD4E-A755F31BB0D6} = {8B614BE0-C994-4C4B-9CE5-C6070B044AE2}
		{D445CD22-86AF-4564-816D-4B238FFC94C9} = {F88A0E09-508D-4908-BD4E-A755F31BB0D6}
		{10184F7C-29BB-48E0-AB20-59FB680CD24B} = {8B614BE0-C994-4C4B-9CE5-C6070B044AE2}
		{6ACBA3E6-26AC-47FB-B938-315B69C912BB} = {10184F7C-29BB-48E0-AB20-59FB680CD24B}
		{6DB06609-8622-4C94-B10D-617765DCBCEB} = {8B614BE0-C994-4C4B-9CE5-C6070B044AE2}
		{555F7B1C-4A08-4364-8C0C-048867D447FD} = {6DB06609-8622-4C94-B10D-617765DCBCEB}
		{5C4EB34D-0563-4B57-8F95-3F0DF06855A6} = {8B614BE0-C994-4C4B-9CE5-C6070B044AE2}
		{8FAB84F7-3289-4D6A-8A28-F3B7FA59C1D5} = {5C4EB34D-0563-4B57-8F95-3F0DF06855A6}
		{E1E4D5A1-1645-45AC-AA75-C6012DCE17B6} = {8B614BE0-C994-4C4B-9CE5-C6070B044AE2}
		{34FD41AE-6CCE-4949-AACB-AD23C2617705} = {E1E4D5A1-1645-45AC-AA75-C6012DCE17B6}
		{41A28A89-7499-41B3-BC4A-C6EB5528AC02} = {8B614BE0-C994-4C4B-9CE5-C6070B044AE2}
		{F1D52D01-6FFC-4135-AC95-11C275E08A93} = {41A28A89-7499-41B3-BC4A-C6EB5528AC02}
		{4154258B-71D3-4B32-A5DC-E745CE190B13} = {8B614BE0-C994-4C4B-9CE5-C6070B044AE2}
		{7F2549A9-4551-43A5-BAE5-EE4F59013155} = {4154258B-71D3-4B32-A5DC-E745CE190B13}
		{100204D7-E297-4EA3-83AF-A32E7A96A12A} = {8B614BE0-C994-4C4B-9CE5-C6070B044AE2}
		{CADF3F5A-556F-4FFA-BBE4-02F31182E17E} = {100204D7-E297-4EA3-83AF-A32E7A96A12A}
		{CCAA8CA6-5CB7-42D2-9F99-7DB1274B64D6} = {8B614BE0-C994-4C4B-9CE5-C6070B044AE2}
		{C1BB7A4C-B536-4F44-9C25-B571C3CC6D42} = {CCAA8CA6-5CB7-42D2-9F99-7DB1274B64D6}
		{CB0C3F23-75C0-45BF-9517-731D9B67926B} = {8B614BE0-C994-4C4B-9CE5-C6070B044AE2}
		{BDD0E76B-5FA6-4707-8692-F7519CD8FFCC} = {CB0C3F23-75C0-45BF-9517-731D9B67926B}
		{B84DCBF1-1535-4824-87EF-8EB72D40E5FC} = {0E42D1CA-BB16-4788-863C-A85B0027040D}
		{677AB8F9-7F64-4753-B9FC-444862EA2AE6} = {0E42D1CA-BB16-4788-863C-A85B0027040D}
		{BF21BE46-EED7-49E6-98CF-B9A896F98F3C} = {0E42D1CA-BB16-4788-863C-A85B0027040D}
		{78BEEC66-EC91-4C6F-B0C6-343DE91EAC2F} = {0E42D1CA-BB16-4788-863C-A85B0027040D}
		{1326F336-D7EB-4170-8674-F92965834522} = {0E42D1CA-BB16-4788-863C-A85B0027040D}
		{FFB4D6B9-442A-4835-B6AD-011BC05B7C18} = {919207B8-6057-448A-B36E-08551A3335D3}
		{5889A162-235A-4C93-A21E-340CFFA7318B} = {919207B8-6057-448A-B36E-08551A3335D3}
		{8764CA1F-7E05-450A-9382-AF6E8D7CB2FC} = {919207B8-6057-448A-B36E-08551A3335D3}
		{853FB753-E86C-4D13-B5D0-92094E50BB7B} = {919207B8-6057-448A-B36E-08551A3335D3}
		{4C744191-DB77-4D17-BECC-DC2F24593EAD} = {919207B8-6057-448A-B36E-08551A3335D3}
		{652E5CF8-8904-472B-8340-5F28BB62EA87} = {919207B8-6057-448A-B36E-08551A3335D3}
		{CB91EF80-FE03-44B2-B39B-DDB7A27936EA} = {919207B8-6057-448A-B36E-08551A3335D3}
		{85FE272D-3F34-4558-A86D-4A4750ED2A0E} = {919207B8-6057-448A-B36E-08551A3335D3}
		{23AC4890-7D30-4284-899F-43710382B89F} = {919207B8-6057-448A-B36E-08551A3335D3}
		{8B09EBC8-BD3E-49B7-9B39-C2983E690A09} = {919207B8-6057-448A-B36E-08551A3335D3}
		{F66B207A-AAC4-4E92-A295-69DD8DB3EFC2} = {919207B8-6057-448A-B36E-08551A3335D3}
		{98270FC1-B435-4723-B9DF-4FB082BBE1D8} = {C15BF457-9D0D-47C4-8A61-A652D9D68064}
		{2D25E253-4E02-43FE-B8E4-FCADC30BE8F3} = {C15BF457-9D0D-47C4-8A61-A652D9D68064}
		{FA11BB32-DC61-4CED-917E-0A2166223779} = {C15BF457-9D0D-47C4-8A61-A652D9D68064}
		{2C95894C-E455-4D19-99B5-BE55E7852556} = {C15BF457-9D0D-47C4-8A61-A652D9D68064}
		{E990E140-1DE6-4190-9015-C94AC85C1088} = {C15BF457-9D0D-47C4-8A61-A652D9D68064}
		{126F1971-CD67-4615-90F4-6A7E7EDAF706} = {C15BF457-9D0D-47C4-8A61-A652D9D68064}
		{CFC89A12-E692-41D3-A71F-F583CADD90B0} = {C15BF457-9D0D-47C4-8A61-A652D9D68064}
		{959B55F6-69B1-4F72-984B-E776773C0529} = {BDD0E76B-5FA6-4707-8692-F7519CD8FFCC}
		{433C2E23-4EE3-4F53-AE54-E70FBB071B24} = {BDD0E76B-5FA6-4707-8692-F7519CD8FFCC}
		{DFFFFD3D-0FDB-4532-9596-71910C4060D2} = {BDD0E76B-5FA6-4707-8692-F7519CD8FFCC}
		{DBC80118-B3E1-468C-80C6-413F22DE4ECB} = {BDD0E76B-5FA6-4707-8692-F7519CD8FFCC}
		{BEB74B44-CFD6-4F07-9160-7B4E94E69AEA} = {BDD0E76B-5FA6-4707-8692-F7519CD8FFCC}
		{74156905-6470-4663-B6B5-63D7871B00D2} = {BDD0E76B-5FA6-4707-8692-F7519CD8FFCC}
		{CE60EE94-E735-41EA-8186-5895E36C9134} = {BDD0E76B-5FA6-4707-8692-F7519CD8FFCC}
		{660E644E-B052-4D94-A34B-73EAA7DEDEC0} = {BDD0E76B-5FA6-4707-8692-F7519CD8FFCC}
		{5F49354A-57F3-403D-A7AA-4D43CB2D4B61} = {BDD0E76B-5FA6-4707-8692-F7519CD8FFCC}
		{CA6B269D-4EA2-427E-9B50-1FF014F2F0D9} = {BDD0E76B-5FA6-4707-8692-F7519CD8FFCC}
		{37C1D07A-4F62-4FD3-870A-6BAF480C1E87} = {BDD0E76B-5FA6-4707-8692-F7519CD8FFCC}
		{7F0A17FE-182E-4C57-AE17-4E4A75BCE30F} = {6ACBA3E6-26AC-47FB-B938-315B69C912BB}
		{69255F40-7470-40DD-84A9-2B823E8D9EF8} = {6ACBA3E6-26AC-47FB-B938-315B69C912BB}
		{1BD8E952-3E87-4170-A728-33D6535A194F} = {6ACBA3E6-26AC-47FB-B938-315B69C912BB}
		{62D61DC1-D66F-42C2-A8EF-063C3878EEAD} = {6ACBA3E6-26AC-47FB-B938-315B69C912BB}
		{052E2C4D-64F0-477B-B49D-FB84C94BF632} = {7F2549A9-4551-43A5-BAE5-EE4F59013155}
		{F92EDEDD-C3BC-470F-99F5-E9900E569C50} = {7F2549A9-4551-43A5-BAE5-EE4F59013155}
		{7623E2D0-60F3-456D-9BCD-EC39236178A9} = {D445CD22-86AF-4564-816D-4B238FFC94C9}
		{95D58B0E-CDA7-4943-AF2C-BC5106AEC9D1} = {D445CD22-86AF-4564-816D-4B238FFC94C9}
		{A51FD33F-00D8-40C2-84D3-82374E4BED89} = {D445CD22-86AF-4564-816D-4B238FFC94C9}
		{1C735FC5-BB22-4D8F-855E-85E36A00DAB5} = {D445CD22-86AF-4564-816D-4B238FFC94C9}
		{D11BB77C-B110-4AE4-8DF9-A2BC33FECF79} = {555F7B1C-4A08-4364-8C0C-048867D447FD}
		{7D28E37B-27BB-46A6-B432-E955A63D56EA} = {555F7B1C-4A08-4364-8C0C-048867D447FD}
		{8EBAC4F8-0B75-4B30-82F5-E806FB2BB4AC} = {555F7B1C-4A08-4364-8C0C-048867D447FD}
		{556C8171-3712-4EC4-8142-9EA24F5726C7} = {34FD41AE-6CCE-4949-AACB-AD23C2617705}
		{A3EEDBC7-65EB-412F-8A53-7646E1264772} = {34FD41AE-6CCE-4949-AACB-AD23C2617705}
		{FE16C1C8-0755-464B-9F7D-AAF5B74F5EDA} = {34FD41AE-6CCE-4949-AACB-AD23C2617705}
		{2D1867C9-47C0-4168-AE36-36948633328A} = {8FAB84F7-3289-4D6A-8A28-F3B7FA59C1D5}
		{0AD99048-2621-4616-A088-4CC2B0783583} = {8FAB84F7-3289-4D6A-8A28-F3B7FA59C1D5}
		{F563EAB2-8BF9-421D-B33D-589EB872449C} = {8FAB84F7-3289-4D6A-8A28-F3B7FA59C1D5}
		{185A4113-063A-474D-BA87-ADB9F1F4D31D} = {8FAB84F7-3289-4D6A-8A28-F3B7FA59C1D5}
		{DB715DC0-5201-4C14-B4AE-E0AE612D72F9} = {8FAB84F7-3289-4D6A-8A28-F3B7FA59C1D5}
		{D4030043-9310-4D37-819E-34A52A4AF323} = {8FAB84F7-3289-4D6A-8A28-F3B7FA59C1D5}
		{D94C77C1-4EB5-4AC3-B94F-C5AEE81801D3} = {8FAB84F7-3289-4D6A-8A28-F3B7FA59C1D5}
		{9668D094-9B23-403B-ACA3-E826E239A572} = {8FAB84F7-3289-4D6A-8A28-F3B7FA59C1D5}
		{CF30D077-1F70-499C-952B-6081C14D5DF3} = {8FAB84F7-3289-4D6A-8A28-F3B7FA59C1D5}
		{1EBD08CE-6D19-4B4D-BD92-BAC40DE1D343} = {CADF3F5A-556F-4FFA-BBE4-02F31182E17E}
		{FB5F4277-30FF-4EE8-80BD-632B4D547EA2} = {CADF3F5A-556F-4FFA-BBE4-02F31182E17E}
		{22B63EDF-41C9-42AB-8FF3-57CB5F0F12E0} = {CADF3F5A-556F-4FFA-BBE4-02F31182E17E}
		{28E8BB78-9DDE-4591-B1C9-A3FD6DB67A6C} = {CADF3F5A-556F-4FFA-BBE4-02F31182E17E}
		{022D0511-576A-423F-9BFD-0F3D2507506A} = {C1BB7A4C-B536-4F44-9C25-B571C3CC6D42}
		{0943C028-E8ED-47E8-A1C8-BDDBBAE101BE} = {C1BB7A4C-B536-4F44-9C25-B571C3CC6D42}
		{6342610F-F4C7-498E-9613-AE631C45BA4F} = {C1BB7A4C-B536-4F44-9C25-B571C3CC6D42}
		{5324C78A-4212-4220-8384-FA7B4F938135} = {F1D52D01-6FFC-4135-AC95-11C275E08A93}
		{B62AB16F-DB6E-4F6A-B223-154AC6C66BF4} = {F1D52D01-6FFC-4135-AC95-11C275E08A93}
	EndGlobalSection
EndGlobal
